// !$*UTF8*$!
{
	archiveVersion = 1;
	classes = {
	};
	objectVersion = 50;
	objects = {

/* Begin PBXBuildFile section */
		AE0FEBE1256C786D000A4B57 /* Nation.swift in Sources */ = {isa = PBXBuildFile; fileRef = AE0FEBE0256C786D000A4B57 /* Nation.swift */; };
		AE0FEBE7256D9648000A4B57 /* NationDetailsResponseXMLParser.swift in Sources */ = {isa = PBXBuildFile; fileRef = AE0FEBE6256D9648000A4B57 /* NationDetailsResponseXMLParser.swift */; };
		AE0FEBED256D9738000A4B57 /* NationDetailsXMLParserTests.swift in Sources */ = {isa = PBXBuildFile; fileRef = AE0FEBEC256D9738000A4B57 /* NationDetailsXMLParserTests.swift */; };
		AE115F902559DE1700EB1932 /* MO+Protocols.swift in Sources */ = {isa = PBXBuildFile; fileRef = AE115F8F2559DE1700EB1932 /* MO+Protocols.swift */; };
		AE115F952559E90200EB1932 /* Models+Protocols.swift in Sources */ = {isa = PBXBuildFile; fileRef = AE115F942559E90200EB1932 /* Models+Protocols.swift */; };
		AE115F9A2559EC4700EB1932 /* Ranking.swift in Sources */ = {isa = PBXBuildFile; fileRef = AE115F992559EC4700EB1932 /* Ranking.swift */; };
		AE115F9F2559EC5200EB1932 /* Headline.swift in Sources */ = {isa = PBXBuildFile; fileRef = AE115F9E2559EC5200EB1932 /* Headline.swift */; };
		AE115FA42559EC5C00EB1932 /* Reclassify.swift in Sources */ = {isa = PBXBuildFile; fileRef = AE115FA32559EC5C00EB1932 /* Reclassify.swift */; };
		AE115FA92559EC6B00EB1932 /* CompletedIssue.swift in Sources */ = {isa = PBXBuildFile; fileRef = AE115FA82559EC6B00EB1932 /* CompletedIssue.swift */; };
		AE115FB12559F9C900EB1932 /* KeychainSecretsStorage.swift in Sources */ = {isa = PBXBuildFile; fileRef = AE115FB02559F9C900EB1932 /* KeychainSecretsStorage.swift */; };
		AE127F9A254F2A96004445E5 /* NationViewModel.swift in Sources */ = {isa = PBXBuildFile; fileRef = AE127F99254F2A96004445E5 /* NationViewModel.swift */; };
		AE1318F625573AFA00A5D693 /* CompletedIssueProvider.swift in Sources */ = {isa = PBXBuildFile; fileRef = AE1318F525573AFA00A5D693 /* CompletedIssueProvider.swift */; };
		AE15A6C325310372004478C3 /* SecureStorage.swift in Sources */ = {isa = PBXBuildFile; fileRef = AE15A6C225310372004478C3 /* SecureStorage.swift */; };
		AE15A6CB25310387004478C3 /* UserDefaultsStorage.swift in Sources */ = {isa = PBXBuildFile; fileRef = AE15A6CA25310387004478C3 /* UserDefaultsStorage.swift */; };
		AE15A6D925310852004478C3 /* NationStatesAPI.swift in Sources */ = {isa = PBXBuildFile; fileRef = AE15A6D825310852004478C3 /* NationStatesAPI.swift */; };
		AE15A6E725321084004478C3 /* IssuesResponseXMLParser.swift in Sources */ = {isa = PBXBuildFile; fileRef = AE15A6E625321084004478C3 /* IssuesResponseXMLParser.swift */; };
		AE1C5A7025589DB9008811E6 /* OptionMO+.swift in Sources */ = {isa = PBXBuildFile; fileRef = AE1C5A6F25589DB9008811E6 /* OptionMO+.swift */; };
		AE1C5A7825589E87008811E6 /* IssueMO+.swift in Sources */ = {isa = PBXBuildFile; fileRef = AE1C5A7725589E87008811E6 /* IssueMO+.swift */; };
		AE1C5A7D25589EB2008811E6 /* AnsweredIssueResultMO+.swift in Sources */ = {isa = PBXBuildFile; fileRef = AE1C5A7C25589EB2008811E6 /* AnsweredIssueResultMO+.swift */; };
		AE1C5A8225589EBC008811E6 /* ReclassifyMO+.swift in Sources */ = {isa = PBXBuildFile; fileRef = AE1C5A8125589EBC008811E6 /* ReclassifyMO+.swift */; };
		AE1C5A8725589EC5008811E6 /* RankingMO+.swift in Sources */ = {isa = PBXBuildFile; fileRef = AE1C5A8625589EC5008811E6 /* RankingMO+.swift */; };
		AE1C5A8C25589F9C008811E6 /* CompletedIssueMO+.swift in Sources */ = {isa = PBXBuildFile; fileRef = AE1C5A8B25589F9C008811E6 /* CompletedIssueMO+.swift */; };
		AE1C5A942558ACC0008811E6 /* HeadlineMO+.swift in Sources */ = {isa = PBXBuildFile; fileRef = AE1C5A932558ACC0008811E6 /* HeadlineMO+.swift */; };
		AE210432254B7CA4005AC68C /* AuthenticationProvider.swift in Sources */ = {isa = PBXBuildFile; fileRef = AE210431254B7CA4005AC68C /* AuthenticationProvider.swift */; };
		AE210437254B7E0B005AC68C /* APIAuthenticationProvider.swift in Sources */ = {isa = PBXBuildFile; fileRef = AE210436254B7E0B005AC68C /* APIAuthenticationProvider.swift */; };
		AE21043C254B8C3C005AC68C /* MockedAuthenticationProvider.swift in Sources */ = {isa = PBXBuildFile; fileRef = AE21043B254B8C3C005AC68C /* MockedAuthenticationProvider.swift */; };
		AE2EDE7825573CF100042668 /* MockedCompletedIssueProvider.swift in Sources */ = {isa = PBXBuildFile; fileRef = AE2EDE7725573CF100042668 /* MockedCompletedIssueProvider.swift */; };
		AE2EDE842558212F00042668 /* CompletedIssuesModel.xcdatamodeld in Sources */ = {isa = PBXBuildFile; fileRef = AE2EDE822558212F00042668 /* CompletedIssuesModel.xcdatamodeld */; };
		AE2EDE8C25584E3200042668 /* PersistentCompletedIssueProvider.swift in Sources */ = {isa = PBXBuildFile; fileRef = AE2EDE8B25584E3200042668 /* PersistentCompletedIssueProvider.swift */; };
		AE32F9702544D5600037954D /* NationView.swift in Sources */ = {isa = PBXBuildFile; fileRef = AE32F96F2544D5600037954D /* NationView.swift */; };
		AE4BACC12544E6E500B391B4 /* CensusScales.plist in Resources */ = {isa = PBXBuildFile; fileRef = AE4BACC02544E6E500B391B4 /* CensusScales.plist */; };
		AE4BACC72544E97600B391B4 /* CensusScalesLoader.swift in Sources */ = {isa = PBXBuildFile; fileRef = AE4BACC62544E97600B391B4 /* CensusScalesLoader.swift */; };
		AE4BACCF2544E99900B391B4 /* CensusScale.swift in Sources */ = {isa = PBXBuildFile; fileRef = AE4BACCE2544E99900B391B4 /* CensusScale.swift */; };
		AE5BDB9C2548BE0400F3954D /* IssueProvider.swift in Sources */ = {isa = PBXBuildFile; fileRef = AE5BDB9B2548BE0400F3954D /* IssueProvider.swift */; };
		AE5BDBA42548BE3800F3954D /* APIIssueProvider.swift in Sources */ = {isa = PBXBuildFile; fileRef = AE5BDBA32548BE3800F3954D /* APIIssueProvider.swift */; };
		AE5EF2102553342A0079389F /* APIRequest.swift in Sources */ = {isa = PBXBuildFile; fileRef = AE5EF20F2553342A0079389F /* APIRequest.swift */; };
		AE5EF218255343100079389F /* APIRequestTests.swift in Sources */ = {isa = PBXBuildFile; fileRef = AE5EF217255343100079389F /* APIRequestTests.swift */; };
		AE616F17254F0D5200C9107C /* ContentViewModel.swift in Sources */ = {isa = PBXBuildFile; fileRef = AE616F16254F0D5200C9107C /* ContentViewModel.swift */; };
		AE6B13C42545C29800606A6A /* AnsweredIssueResult.swift in Sources */ = {isa = PBXBuildFile; fileRef = AE6B13C32545C29800606A6A /* AnsweredIssueResult.swift */; };
		AE6B13CC2545D6AB00606A6A /* AppDelegate.swift in Sources */ = {isa = PBXBuildFile; fileRef = AE6B13CB2545D6AB00606A6A /* AppDelegate.swift */; };
		AE6B13D3254601B600606A6A /* IssuesResponseXMLParserTests.swift in Sources */ = {isa = PBXBuildFile; fileRef = AE6B13D2254601B600606A6A /* IssuesResponseXMLParserTests.swift */; };
		AE6D8347256473B500FA1CF7 /* InformationText.swift in Sources */ = {isa = PBXBuildFile; fileRef = AE6D8346256473B500FA1CF7 /* InformationText.swift */; };
		AE790DD9256DA75A00051FD4 /* NationDetailsProvider.swift in Sources */ = {isa = PBXBuildFile; fileRef = AE790DD8256DA75A00051FD4 /* NationDetailsProvider.swift */; };
		AE790DDF256DA7B300051FD4 /* APINationDetailsProvider.swift in Sources */ = {isa = PBXBuildFile; fileRef = AE790DDE256DA7B300051FD4 /* APINationDetailsProvider.swift */; };
		AE790DE4256DA8DF00051FD4 /* Nation.swift in Sources */ = {isa = PBXBuildFile; fileRef = AE0FEBE0256C786D000A4B57 /* Nation.swift */; };
		AE790DE9256DA8EA00051FD4 /* NationDetailsResponseXMLParser.swift in Sources */ = {isa = PBXBuildFile; fileRef = AE0FEBE6256D9648000A4B57 /* NationDetailsResponseXMLParser.swift */; };
		AE790DF3256DC6E700051FD4 /* MockedNationDetailsProvider.swift in Sources */ = {isa = PBXBuildFile; fileRef = AE790DF2256DC6E700051FD4 /* MockedNationDetailsProvider.swift */; };
		AE790DF9256EDC9D00051FD4 /* BasicImageCache.swift in Sources */ = {isa = PBXBuildFile; fileRef = AE790DF8256EDC9D00051FD4 /* BasicImageCache.swift */; };
		AE853F452576F82B0091503C /* NationIssuesView.swift in Sources */ = {isa = PBXBuildFile; fileRef = AE853F442576F82B0091503C /* NationIssuesView.swift */; };
		AE853F4B2576F8AB0091503C /* Icon.swift in Sources */ = {isa = PBXBuildFile; fileRef = AE853F4A2576F8AB0091503C /* Icon.swift */; };
		AE8764A5252E6F2900EFE031 /* NationStatesClientApp.swift in Sources */ = {isa = PBXBuildFile; fileRef = AE8764A4252E6F2900EFE031 /* NationStatesClientApp.swift */; };
		AE8764A7252E6F2900EFE031 /* ContentView.swift in Sources */ = {isa = PBXBuildFile; fileRef = AE8764A6252E6F2900EFE031 /* ContentView.swift */; };
		AE8764A9252E6F2A00EFE031 /* Assets.xcassets in Resources */ = {isa = PBXBuildFile; fileRef = AE8764A8252E6F2A00EFE031 /* Assets.xcassets */; };
		AE8764AC252E6F2A00EFE031 /* Preview Assets.xcassets in Resources */ = {isa = PBXBuildFile; fileRef = AE8764AB252E6F2A00EFE031 /* Preview Assets.xcassets */; };
		AE8764B7252E6F2A00EFE031 /* NationStatesClientTests.swift in Sources */ = {isa = PBXBuildFile; fileRef = AE8764B6252E6F2A00EFE031 /* NationStatesClientTests.swift */; };
		AE8764C2252E6F2A00EFE031 /* NationStatesClientUITests.swift in Sources */ = {isa = PBXBuildFile; fileRef = AE8764C1252E6F2A00EFE031 /* NationStatesClientUITests.swift */; };
		AE8764D3252FA4E500EFE031 /* SignInView.swift in Sources */ = {isa = PBXBuildFile; fileRef = AE8764D2252FA4E500EFE031 /* SignInView.swift */; };
		AE8764D8252FA4F100EFE031 /* SignInViewModel.swift in Sources */ = {isa = PBXBuildFile; fileRef = AE8764D7252FA4F100EFE031 /* SignInViewModel.swift */; };
		AE8764DD252FA92300EFE031 /* IssuesView.swift in Sources */ = {isa = PBXBuildFile; fileRef = AE8764DC252FA92300EFE031 /* IssuesView.swift */; };
		AE8764E2252FA92C00EFE031 /* IssuesViewModel.swift in Sources */ = {isa = PBXBuildFile; fileRef = AE8764E1252FA92C00EFE031 /* IssuesViewModel.swift */; };
		AE8764E7252FAA0C00EFE031 /* Issue.swift in Sources */ = {isa = PBXBuildFile; fileRef = AE8764E6252FAA0C00EFE031 /* Issue.swift */; };
		AE8764F0252FADE400EFE031 /* IssueDetailView.swift in Sources */ = {isa = PBXBuildFile; fileRef = AE8764EF252FADE400EFE031 /* IssueDetailView.swift */; };
		AE8764F8252FADEF00EFE031 /* IssueDetailViewModel.swift in Sources */ = {isa = PBXBuildFile; fileRef = AE8764F7252FADEF00EFE031 /* IssueDetailViewModel.swift */; };
		AE8981AA2530FBA000D62766 /* MockedIssueProvider.swift in Sources */ = {isa = PBXBuildFile; fileRef = AE8981A92530FBA000D62766 /* MockedIssueProvider.swift */; };
		AE8981AF2530FD8D00D62766 /* AuthenticationContainer.swift in Sources */ = {isa = PBXBuildFile; fileRef = AE8981AE2530FD8D00D62766 /* AuthenticationContainer.swift */; };
		AE8AA1A22552F92A0031D112 /* NationStatesAPITests.swift in Sources */ = {isa = PBXBuildFile; fileRef = AE8AA1A12552F92A0031D112 /* NationStatesAPITests.swift */; };
		AE95F1212538E3BC00860D25 /* CachedRemoteImage.swift in Sources */ = {isa = PBXBuildFile; fileRef = AE95F1202538E3BC00860D25 /* CachedRemoteImage.swift */; };
		AE95F129253B18E400860D25 /* IssueDetailOptionsView.swift in Sources */ = {isa = PBXBuildFile; fileRef = AE95F128253B18E400860D25 /* IssueDetailOptionsView.swift */; };
		AEC6B43C2575AC71000CDD0E /* launch.png in Resources */ = {isa = PBXBuildFile; fileRef = AEC6B43B2575AC71000CDD0E /* launch.png */; };
		AED8B665255DF10C008F9769 /* WidgetKit.framework in Frameworks */ = {isa = PBXBuildFile; fileRef = AED8B664255DF10C008F9769 /* WidgetKit.framework */; };
		AED8B667255DF10C008F9769 /* SwiftUI.framework in Frameworks */ = {isa = PBXBuildFile; fileRef = AED8B666255DF10C008F9769 /* SwiftUI.framework */; };
		AED8B66A255DF10C008F9769 /* IssuesExtension.swift in Sources */ = {isa = PBXBuildFile; fileRef = AED8B669255DF10C008F9769 /* IssuesExtension.swift */; };
		AED8B66D255DF10E008F9769 /* Assets.xcassets in Resources */ = {isa = PBXBuildFile; fileRef = AED8B66C255DF10E008F9769 /* Assets.xcassets */; };
		AED8B66F255DF10E008F9769 /* IssuesExtension.intentdefinition in Sources */ = {isa = PBXBuildFile; fileRef = AED8B66B255DF10C008F9769 /* IssuesExtension.intentdefinition */; };
		AED8B670255DF10E008F9769 /* IssuesExtension.intentdefinition in Sources */ = {isa = PBXBuildFile; fileRef = AED8B66B255DF10C008F9769 /* IssuesExtension.intentdefinition */; };
		AED8B673255DF10E008F9769 /* IssuesExtensionExtension.appex in Embed App Extensions */ = {isa = PBXBuildFile; fileRef = AED8B662255DF10C008F9769 /* IssuesExtensionExtension.appex */; settings = {ATTRIBUTES = (RemoveHeadersOnCopy, ); }; };
		AED8B680255DF3A7008F9769 /* Issue.swift in Sources */ = {isa = PBXBuildFile; fileRef = AE8764E6252FAA0C00EFE031 /* Issue.swift */; };
		AED8B685255DF617008F9769 /* Option.swift in Sources */ = {isa = PBXBuildFile; fileRef = AEECD737254F465400D536AF /* Option.swift */; };
		AED8B68A255DF61D008F9769 /* Models+Protocols.swift in Sources */ = {isa = PBXBuildFile; fileRef = AE115F942559E90200EB1932 /* Models+Protocols.swift */; };
		AED8B695255F47C4008F9769 /* APIIssueProvider.swift in Sources */ = {isa = PBXBuildFile; fileRef = AE5BDBA32548BE3800F3954D /* APIIssueProvider.swift */; };
		AED8B69A255F47C7008F9769 /* IssueProvider.swift in Sources */ = {isa = PBXBuildFile; fileRef = AE5BDB9B2548BE0400F3954D /* IssueProvider.swift */; };
		AED8B69F255F47CE008F9769 /* FetchIssuesResult.swift in Sources */ = {isa = PBXBuildFile; fileRef = AEFCC53B2550BCC1002E754F /* FetchIssuesResult.swift */; };
		AED8B6A4255F47D6008F9769 /* NationStatesAPI.swift in Sources */ = {isa = PBXBuildFile; fileRef = AE15A6D825310852004478C3 /* NationStatesAPI.swift */; };
		AED8B6A9255F47DD008F9769 /* AnsweredIssueResult.swift in Sources */ = {isa = PBXBuildFile; fileRef = AE6B13C32545C29800606A6A /* AnsweredIssueResult.swift */; };
		AED8B6AE255F47E2008F9769 /* Headline.swift in Sources */ = {isa = PBXBuildFile; fileRef = AE115F9E2559EC5200EB1932 /* Headline.swift */; };
		AED8B6B3255F47E9008F9769 /* AuthenticationContainer.swift in Sources */ = {isa = PBXBuildFile; fileRef = AE8981AE2530FD8D00D62766 /* AuthenticationContainer.swift */; };
		AED8B6B8255F47ED008F9769 /* SecureStorage.swift in Sources */ = {isa = PBXBuildFile; fileRef = AE15A6C225310372004478C3 /* SecureStorage.swift */; };
		AED8B6BD255F47F4008F9769 /* Reclassify.swift in Sources */ = {isa = PBXBuildFile; fileRef = AE115FA32559EC5C00EB1932 /* Reclassify.swift */; };
		AED8B6C2255F47FA008F9769 /* Ranking.swift in Sources */ = {isa = PBXBuildFile; fileRef = AE115F992559EC4700EB1932 /* Ranking.swift */; };
		AED8B6C7255F4802008F9769 /* CensusScalesLoader.swift in Sources */ = {isa = PBXBuildFile; fileRef = AE4BACC62544E97600B391B4 /* CensusScalesLoader.swift */; };
		AED8B6CC255F4807008F9769 /* CensusScale.swift in Sources */ = {isa = PBXBuildFile; fileRef = AE4BACCE2544E99900B391B4 /* CensusScale.swift */; };
		AED8B6D1255F480E008F9769 /* KeychainSecretsStorage.swift in Sources */ = {isa = PBXBuildFile; fileRef = AE115FB02559F9C900EB1932 /* KeychainSecretsStorage.swift */; };
		AED8B6D6255F4815008F9769 /* APIRequest.swift in Sources */ = {isa = PBXBuildFile; fileRef = AE5EF20F2553342A0079389F /* APIRequest.swift */; };
		AED8B6DB255F481F008F9769 /* URLRequest+Extras.swift in Sources */ = {isa = PBXBuildFile; fileRef = AEFF41FC2536589A00206676 /* URLRequest+Extras.swift */; };
		AED8B6E0255F4825008F9769 /* URLBuilder.swift in Sources */ = {isa = PBXBuildFile; fileRef = AEFF41C92532776500206676 /* URLBuilder.swift */; };
		AED8B6E5255F482C008F9769 /* PingResponseXMLParser.swift in Sources */ = {isa = PBXBuildFile; fileRef = AEFF41E72535033600206676 /* PingResponseXMLParser.swift */; };
		AED8B6EA255F4831008F9769 /* AnswerIssueResponseXMLParser.swift in Sources */ = {isa = PBXBuildFile; fileRef = AEFF41D92533834300206676 /* AnswerIssueResponseXMLParser.swift */; };
		AED8B6EF255F4839008F9769 /* IssuesResponseXMLParser.swift in Sources */ = {isa = PBXBuildFile; fileRef = AE15A6E625321084004478C3 /* IssuesResponseXMLParser.swift */; };
		AED8B6F4255F4841008F9769 /* NationStatesXMLParser.swift in Sources */ = {isa = PBXBuildFile; fileRef = AEFF41CE2533808F00206676 /* NationStatesXMLParser.swift */; };
		AED8B6F9255F4BA4008F9769 /* MockedIssueProvider.swift in Sources */ = {isa = PBXBuildFile; fileRef = AE8981A92530FBA000D62766 /* MockedIssueProvider.swift */; };
		AEDED2CE253C6372007A376F /* IssueAnsweredView.swift in Sources */ = {isa = PBXBuildFile; fileRef = AEDED2CD253C6372007A376F /* IssueAnsweredView.swift */; };
		AEECD738254F465400D536AF /* Option.swift in Sources */ = {isa = PBXBuildFile; fileRef = AEECD737254F465400D536AF /* Option.swift */; };
		AEED15C5257D94B4007FF221 /* ErrorView.swift in Sources */ = {isa = PBXBuildFile; fileRef = AEED15C4257D94B4007FF221 /* ErrorView.swift */; };
		AEF9214A25616C7D0048EAFC /* MediumExtensionView.swift in Sources */ = {isa = PBXBuildFile; fileRef = AEF9213125616A2C0048EAFC /* MediumExtensionView.swift */; };
		AEF9215025616D280048EAFC /* SmallExtensionView.swift in Sources */ = {isa = PBXBuildFile; fileRef = AEF9214F25616D280048EAFC /* SmallExtensionView.swift */; };
		AEF921642561728F0048EAFC /* LargeExtensionView.swift in Sources */ = {isa = PBXBuildFile; fileRef = AEF921632561728F0048EAFC /* LargeExtensionView.swift */; };
		AEF9216F256176A10048EAFC /* IssuesList.swift in Sources */ = {isa = PBXBuildFile; fileRef = AEF9216E256176A10048EAFC /* IssuesList.swift */; };
		AEFCC53C2550BCC1002E754F /* FetchIssuesResult.swift in Sources */ = {isa = PBXBuildFile; fileRef = AEFCC53B2550BCC1002E754F /* FetchIssuesResult.swift */; };
		AEFF41CA2532776500206676 /* URLBuilder.swift in Sources */ = {isa = PBXBuildFile; fileRef = AEFF41C92532776500206676 /* URLBuilder.swift */; };
		AEFF41CF2533808F00206676 /* NationStatesXMLParser.swift in Sources */ = {isa = PBXBuildFile; fileRef = AEFF41CE2533808F00206676 /* NationStatesXMLParser.swift */; };
		AEFF41DA2533834300206676 /* AnswerIssueResponseXMLParser.swift in Sources */ = {isa = PBXBuildFile; fileRef = AEFF41D92533834300206676 /* AnswerIssueResponseXMLParser.swift */; };
		AEFF41E02533849D00206676 /* AnswerIssueResponseXMLParserTests.swift in Sources */ = {isa = PBXBuildFile; fileRef = AEFF41DF2533849D00206676 /* AnswerIssueResponseXMLParserTests.swift */; };
		AEFF41E82535033600206676 /* PingResponseXMLParser.swift in Sources */ = {isa = PBXBuildFile; fileRef = AEFF41E72535033600206676 /* PingResponseXMLParser.swift */; };
		AEFF41ED253503B600206676 /* PingResponseXMLParserTests.swift in Sources */ = {isa = PBXBuildFile; fileRef = AEFF41EC253503B600206676 /* PingResponseXMLParserTests.swift */; };
		AEFF41FD2536589A00206676 /* URLRequest+Extras.swift in Sources */ = {isa = PBXBuildFile; fileRef = AEFF41FC2536589A00206676 /* URLRequest+Extras.swift */; };
/* End PBXBuildFile section */

/* Begin PBXContainerItemProxy section */
		AE8764B3252E6F2A00EFE031 /* PBXContainerItemProxy */ = {
			isa = PBXContainerItemProxy;
			containerPortal = AE876499252E6F2900EFE031 /* Project object */;
			proxyType = 1;
			remoteGlobalIDString = AE8764A0252E6F2900EFE031;
			remoteInfo = NationStatesClient;
		};
		AE8764BE252E6F2A00EFE031 /* PBXContainerItemProxy */ = {
			isa = PBXContainerItemProxy;
			containerPortal = AE876499252E6F2900EFE031 /* Project object */;
			proxyType = 1;
			remoteGlobalIDString = AE8764A0252E6F2900EFE031;
			remoteInfo = NationStatesClient;
		};
		AED8B671255DF10E008F9769 /* PBXContainerItemProxy */ = {
			isa = PBXContainerItemProxy;
			containerPortal = AE876499252E6F2900EFE031 /* Project object */;
			proxyType = 1;
			remoteGlobalIDString = AED8B661255DF10C008F9769;
			remoteInfo = IssuesExtensionExtension;
		};
/* End PBXContainerItemProxy section */

/* Begin PBXCopyFilesBuildPhase section */
		AED8B674255DF10E008F9769 /* Embed App Extensions */ = {
			isa = PBXCopyFilesBuildPhase;
			buildActionMask = 2147483647;
			dstPath = "";
			dstSubfolderSpec = 13;
			files = (
				AED8B673255DF10E008F9769 /* IssuesExtensionExtension.appex in Embed App Extensions */,
			);
			name = "Embed App Extensions";
			runOnlyForDeploymentPostprocessing = 0;
		};
/* End PBXCopyFilesBuildPhase section */

/* Begin PBXFileReference section */
		AE0FEBE0256C786D000A4B57 /* Nation.swift */ = {isa = PBXFileReference; lastKnownFileType = sourcecode.swift; path = Nation.swift; sourceTree = "<group>"; };
		AE0FEBE6256D9648000A4B57 /* NationDetailsResponseXMLParser.swift */ = {isa = PBXFileReference; lastKnownFileType = sourcecode.swift; path = NationDetailsResponseXMLParser.swift; sourceTree = "<group>"; };
		AE0FEBEC256D9738000A4B57 /* NationDetailsXMLParserTests.swift */ = {isa = PBXFileReference; lastKnownFileType = sourcecode.swift; path = NationDetailsXMLParserTests.swift; sourceTree = "<group>"; };
		AE115F8F2559DE1700EB1932 /* MO+Protocols.swift */ = {isa = PBXFileReference; lastKnownFileType = sourcecode.swift; path = "MO+Protocols.swift"; sourceTree = "<group>"; };
		AE115F942559E90200EB1932 /* Models+Protocols.swift */ = {isa = PBXFileReference; lastKnownFileType = sourcecode.swift; path = "Models+Protocols.swift"; sourceTree = "<group>"; };
		AE115F992559EC4700EB1932 /* Ranking.swift */ = {isa = PBXFileReference; lastKnownFileType = sourcecode.swift; path = Ranking.swift; sourceTree = "<group>"; };
		AE115F9E2559EC5200EB1932 /* Headline.swift */ = {isa = PBXFileReference; lastKnownFileType = sourcecode.swift; path = Headline.swift; sourceTree = "<group>"; };
		AE115FA32559EC5C00EB1932 /* Reclassify.swift */ = {isa = PBXFileReference; lastKnownFileType = sourcecode.swift; path = Reclassify.swift; sourceTree = "<group>"; };
		AE115FA82559EC6B00EB1932 /* CompletedIssue.swift */ = {isa = PBXFileReference; lastKnownFileType = sourcecode.swift; path = CompletedIssue.swift; sourceTree = "<group>"; };
		AE115FB02559F9C900EB1932 /* KeychainSecretsStorage.swift */ = {isa = PBXFileReference; lastKnownFileType = sourcecode.swift; path = KeychainSecretsStorage.swift; sourceTree = "<group>"; };
		AE127F99254F2A96004445E5 /* NationViewModel.swift */ = {isa = PBXFileReference; lastKnownFileType = sourcecode.swift; path = NationViewModel.swift; sourceTree = "<group>"; };
		AE1318F525573AFA00A5D693 /* CompletedIssueProvider.swift */ = {isa = PBXFileReference; lastKnownFileType = sourcecode.swift; path = CompletedIssueProvider.swift; sourceTree = "<group>"; };
		AE15A6C225310372004478C3 /* SecureStorage.swift */ = {isa = PBXFileReference; lastKnownFileType = sourcecode.swift; path = SecureStorage.swift; sourceTree = "<group>"; };
		AE15A6CA25310387004478C3 /* UserDefaultsStorage.swift */ = {isa = PBXFileReference; lastKnownFileType = sourcecode.swift; path = UserDefaultsStorage.swift; sourceTree = "<group>"; };
		AE15A6D825310852004478C3 /* NationStatesAPI.swift */ = {isa = PBXFileReference; lastKnownFileType = sourcecode.swift; path = NationStatesAPI.swift; sourceTree = "<group>"; };
		AE15A6E625321084004478C3 /* IssuesResponseXMLParser.swift */ = {isa = PBXFileReference; lastKnownFileType = sourcecode.swift; path = IssuesResponseXMLParser.swift; sourceTree = "<group>"; };
		AE1C5A6F25589DB9008811E6 /* OptionMO+.swift */ = {isa = PBXFileReference; lastKnownFileType = sourcecode.swift; path = "OptionMO+.swift"; sourceTree = "<group>"; };
		AE1C5A7725589E87008811E6 /* IssueMO+.swift */ = {isa = PBXFileReference; lastKnownFileType = sourcecode.swift; path = "IssueMO+.swift"; sourceTree = "<group>"; };
		AE1C5A7C25589EB2008811E6 /* AnsweredIssueResultMO+.swift */ = {isa = PBXFileReference; lastKnownFileType = sourcecode.swift; path = "AnsweredIssueResultMO+.swift"; sourceTree = "<group>"; };
		AE1C5A8125589EBC008811E6 /* ReclassifyMO+.swift */ = {isa = PBXFileReference; lastKnownFileType = sourcecode.swift; path = "ReclassifyMO+.swift"; sourceTree = "<group>"; };
		AE1C5A8625589EC5008811E6 /* RankingMO+.swift */ = {isa = PBXFileReference; lastKnownFileType = sourcecode.swift; path = "RankingMO+.swift"; sourceTree = "<group>"; };
		AE1C5A8B25589F9C008811E6 /* CompletedIssueMO+.swift */ = {isa = PBXFileReference; lastKnownFileType = sourcecode.swift; path = "CompletedIssueMO+.swift"; sourceTree = "<group>"; };
		AE1C5A932558ACC0008811E6 /* HeadlineMO+.swift */ = {isa = PBXFileReference; lastKnownFileType = sourcecode.swift; path = "HeadlineMO+.swift"; sourceTree = "<group>"; };
		AE210431254B7CA4005AC68C /* AuthenticationProvider.swift */ = {isa = PBXFileReference; lastKnownFileType = sourcecode.swift; path = AuthenticationProvider.swift; sourceTree = "<group>"; };
		AE210436254B7E0B005AC68C /* APIAuthenticationProvider.swift */ = {isa = PBXFileReference; lastKnownFileType = sourcecode.swift; path = APIAuthenticationProvider.swift; sourceTree = "<group>"; };
		AE21043B254B8C3C005AC68C /* MockedAuthenticationProvider.swift */ = {isa = PBXFileReference; lastKnownFileType = sourcecode.swift; path = MockedAuthenticationProvider.swift; sourceTree = "<group>"; };
		AE2EDE7725573CF100042668 /* MockedCompletedIssueProvider.swift */ = {isa = PBXFileReference; lastKnownFileType = sourcecode.swift; path = MockedCompletedIssueProvider.swift; sourceTree = "<group>"; };
		AE2EDE832558212F00042668 /* CompletedIssuesModel.xcdatamodel */ = {isa = PBXFileReference; lastKnownFileType = wrapper.xcdatamodel; path = CompletedIssuesModel.xcdatamodel; sourceTree = "<group>"; };
		AE2EDE8B25584E3200042668 /* PersistentCompletedIssueProvider.swift */ = {isa = PBXFileReference; lastKnownFileType = sourcecode.swift; path = PersistentCompletedIssueProvider.swift; sourceTree = "<group>"; };
		AE32F96F2544D5600037954D /* NationView.swift */ = {isa = PBXFileReference; lastKnownFileType = sourcecode.swift; path = NationView.swift; sourceTree = "<group>"; };
		AE4BACC02544E6E500B391B4 /* CensusScales.plist */ = {isa = PBXFileReference; lastKnownFileType = text.plist.xml; path = CensusScales.plist; sourceTree = "<group>"; };
		AE4BACC62544E97600B391B4 /* CensusScalesLoader.swift */ = {isa = PBXFileReference; lastKnownFileType = sourcecode.swift; path = CensusScalesLoader.swift; sourceTree = "<group>"; };
		AE4BACCE2544E99900B391B4 /* CensusScale.swift */ = {isa = PBXFileReference; lastKnownFileType = sourcecode.swift; path = CensusScale.swift; sourceTree = "<group>"; };
		AE5BDB9B2548BE0400F3954D /* IssueProvider.swift */ = {isa = PBXFileReference; lastKnownFileType = sourcecode.swift; path = IssueProvider.swift; sourceTree = "<group>"; };
		AE5BDBA32548BE3800F3954D /* APIIssueProvider.swift */ = {isa = PBXFileReference; lastKnownFileType = sourcecode.swift; path = APIIssueProvider.swift; sourceTree = "<group>"; };
		AE5EF20F2553342A0079389F /* APIRequest.swift */ = {isa = PBXFileReference; lastKnownFileType = sourcecode.swift; path = APIRequest.swift; sourceTree = "<group>"; };
		AE5EF217255343100079389F /* APIRequestTests.swift */ = {isa = PBXFileReference; lastKnownFileType = sourcecode.swift; path = APIRequestTests.swift; sourceTree = "<group>"; };
		AE616F16254F0D5200C9107C /* ContentViewModel.swift */ = {isa = PBXFileReference; lastKnownFileType = sourcecode.swift; path = ContentViewModel.swift; sourceTree = "<group>"; };
		AE6B13C32545C29800606A6A /* AnsweredIssueResult.swift */ = {isa = PBXFileReference; lastKnownFileType = sourcecode.swift; path = AnsweredIssueResult.swift; sourceTree = "<group>"; };
		AE6B13CB2545D6AB00606A6A /* AppDelegate.swift */ = {isa = PBXFileReference; lastKnownFileType = sourcecode.swift; path = AppDelegate.swift; sourceTree = "<group>"; };
		AE6B13D2254601B600606A6A /* IssuesResponseXMLParserTests.swift */ = {isa = PBXFileReference; lastKnownFileType = sourcecode.swift; path = IssuesResponseXMLParserTests.swift; sourceTree = "<group>"; };
		AE6D8346256473B500FA1CF7 /* InformationText.swift */ = {isa = PBXFileReference; lastKnownFileType = sourcecode.swift; path = InformationText.swift; sourceTree = "<group>"; };
		AE790DD8256DA75A00051FD4 /* NationDetailsProvider.swift */ = {isa = PBXFileReference; lastKnownFileType = sourcecode.swift; path = NationDetailsProvider.swift; sourceTree = "<group>"; };
		AE790DDE256DA7B300051FD4 /* APINationDetailsProvider.swift */ = {isa = PBXFileReference; lastKnownFileType = sourcecode.swift; path = APINationDetailsProvider.swift; sourceTree = "<group>"; };
		AE790DF2256DC6E700051FD4 /* MockedNationDetailsProvider.swift */ = {isa = PBXFileReference; lastKnownFileType = sourcecode.swift; path = MockedNationDetailsProvider.swift; sourceTree = "<group>"; };
		AE790DF8256EDC9D00051FD4 /* BasicImageCache.swift */ = {isa = PBXFileReference; lastKnownFileType = sourcecode.swift; path = BasicImageCache.swift; sourceTree = "<group>"; };
		AE853F442576F82B0091503C /* NationIssuesView.swift */ = {isa = PBXFileReference; lastKnownFileType = sourcecode.swift; path = NationIssuesView.swift; sourceTree = "<group>"; };
		AE853F4A2576F8AB0091503C /* Icon.swift */ = {isa = PBXFileReference; lastKnownFileType = sourcecode.swift; path = Icon.swift; sourceTree = "<group>"; };
		AE8764A1252E6F2900EFE031 /* NationStatesClient.app */ = {isa = PBXFileReference; explicitFileType = wrapper.application; includeInIndex = 0; path = NationStatesClient.app; sourceTree = BUILT_PRODUCTS_DIR; };
		AE8764A4252E6F2900EFE031 /* NationStatesClientApp.swift */ = {isa = PBXFileReference; lastKnownFileType = sourcecode.swift; path = NationStatesClientApp.swift; sourceTree = "<group>"; };
		AE8764A6252E6F2900EFE031 /* ContentView.swift */ = {isa = PBXFileReference; lastKnownFileType = sourcecode.swift; path = ContentView.swift; sourceTree = "<group>"; };
		AE8764A8252E6F2A00EFE031 /* Assets.xcassets */ = {isa = PBXFileReference; lastKnownFileType = folder.assetcatalog; path = Assets.xcassets; sourceTree = "<group>"; };
		AE8764AB252E6F2A00EFE031 /* Preview Assets.xcassets */ = {isa = PBXFileReference; lastKnownFileType = folder.assetcatalog; path = "Preview Assets.xcassets"; sourceTree = "<group>"; };
		AE8764AD252E6F2A00EFE031 /* Info.plist */ = {isa = PBXFileReference; lastKnownFileType = text.plist.xml; path = Info.plist; sourceTree = "<group>"; };
		AE8764B2252E6F2A00EFE031 /* NationStatesClientTests.xctest */ = {isa = PBXFileReference; explicitFileType = wrapper.cfbundle; includeInIndex = 0; path = NationStatesClientTests.xctest; sourceTree = BUILT_PRODUCTS_DIR; };
		AE8764B6252E6F2A00EFE031 /* NationStatesClientTests.swift */ = {isa = PBXFileReference; lastKnownFileType = sourcecode.swift; path = NationStatesClientTests.swift; sourceTree = "<group>"; };
		AE8764B8252E6F2A00EFE031 /* Info.plist */ = {isa = PBXFileReference; lastKnownFileType = text.plist.xml; path = Info.plist; sourceTree = "<group>"; };
		AE8764BD252E6F2A00EFE031 /* NationStatesClientUITests.xctest */ = {isa = PBXFileReference; explicitFileType = wrapper.cfbundle; includeInIndex = 0; path = NationStatesClientUITests.xctest; sourceTree = BUILT_PRODUCTS_DIR; };
		AE8764C1252E6F2A00EFE031 /* NationStatesClientUITests.swift */ = {isa = PBXFileReference; lastKnownFileType = sourcecode.swift; path = NationStatesClientUITests.swift; sourceTree = "<group>"; };
		AE8764C3252E6F2A00EFE031 /* Info.plist */ = {isa = PBXFileReference; lastKnownFileType = text.plist.xml; path = Info.plist; sourceTree = "<group>"; };
		AE8764D2252FA4E500EFE031 /* SignInView.swift */ = {isa = PBXFileReference; lastKnownFileType = sourcecode.swift; path = SignInView.swift; sourceTree = "<group>"; };
		AE8764D7252FA4F100EFE031 /* SignInViewModel.swift */ = {isa = PBXFileReference; lastKnownFileType = sourcecode.swift; path = SignInViewModel.swift; sourceTree = "<group>"; };
		AE8764DC252FA92300EFE031 /* IssuesView.swift */ = {isa = PBXFileReference; lastKnownFileType = sourcecode.swift; path = IssuesView.swift; sourceTree = "<group>"; };
		AE8764E1252FA92C00EFE031 /* IssuesViewModel.swift */ = {isa = PBXFileReference; lastKnownFileType = sourcecode.swift; path = IssuesViewModel.swift; sourceTree = "<group>"; };
		AE8764E6252FAA0C00EFE031 /* Issue.swift */ = {isa = PBXFileReference; lastKnownFileType = sourcecode.swift; path = Issue.swift; sourceTree = "<group>"; };
		AE8764EF252FADE400EFE031 /* IssueDetailView.swift */ = {isa = PBXFileReference; lastKnownFileType = sourcecode.swift; path = IssueDetailView.swift; sourceTree = "<group>"; };
		AE8764F7252FADEF00EFE031 /* IssueDetailViewModel.swift */ = {isa = PBXFileReference; lastKnownFileType = sourcecode.swift; path = IssueDetailViewModel.swift; sourceTree = "<group>"; };
		AE8981A92530FBA000D62766 /* MockedIssueProvider.swift */ = {isa = PBXFileReference; lastKnownFileType = sourcecode.swift; path = MockedIssueProvider.swift; sourceTree = "<group>"; };
		AE8981AE2530FD8D00D62766 /* AuthenticationContainer.swift */ = {isa = PBXFileReference; lastKnownFileType = sourcecode.swift; path = AuthenticationContainer.swift; sourceTree = "<group>"; };
		AE8AA1A12552F92A0031D112 /* NationStatesAPITests.swift */ = {isa = PBXFileReference; lastKnownFileType = sourcecode.swift; path = NationStatesAPITests.swift; sourceTree = "<group>"; };
		AE95F1202538E3BC00860D25 /* CachedRemoteImage.swift */ = {isa = PBXFileReference; lastKnownFileType = sourcecode.swift; path = CachedRemoteImage.swift; sourceTree = "<group>"; };
		AE95F128253B18E400860D25 /* IssueDetailOptionsView.swift */ = {isa = PBXFileReference; lastKnownFileType = sourcecode.swift; path = IssueDetailOptionsView.swift; sourceTree = "<group>"; };
		AEC6B43B2575AC71000CDD0E /* launch.png */ = {isa = PBXFileReference; lastKnownFileType = image.png; path = launch.png; sourceTree = "<group>"; };
		AED5F7E225631693009BDA01 /* NationStatesClient.entitlements */ = {isa = PBXFileReference; lastKnownFileType = text.plist.entitlements; path = NationStatesClient.entitlements; sourceTree = "<group>"; };
		AED5F7E325631735009BDA01 /* IssuesExtensionExtension.entitlements */ = {isa = PBXFileReference; lastKnownFileType = text.plist.entitlements; path = IssuesExtensionExtension.entitlements; sourceTree = "<group>"; };
		AED5F80025631EC5009BDA01 /* MapKit.framework */ = {isa = PBXFileReference; lastKnownFileType = wrapper.framework; name = MapKit.framework; path = System/Library/Frameworks/MapKit.framework; sourceTree = SDKROOT; };
		AED8B662255DF10C008F9769 /* IssuesExtensionExtension.appex */ = {isa = PBXFileReference; explicitFileType = "wrapper.app-extension"; includeInIndex = 0; path = IssuesExtensionExtension.appex; sourceTree = BUILT_PRODUCTS_DIR; };
		AED8B664255DF10C008F9769 /* WidgetKit.framework */ = {isa = PBXFileReference; lastKnownFileType = wrapper.framework; name = WidgetKit.framework; path = System/Library/Frameworks/WidgetKit.framework; sourceTree = SDKROOT; };
		AED8B666255DF10C008F9769 /* SwiftUI.framework */ = {isa = PBXFileReference; lastKnownFileType = wrapper.framework; name = SwiftUI.framework; path = System/Library/Frameworks/SwiftUI.framework; sourceTree = SDKROOT; };
		AED8B669255DF10C008F9769 /* IssuesExtension.swift */ = {isa = PBXFileReference; lastKnownFileType = sourcecode.swift; path = IssuesExtension.swift; sourceTree = "<group>"; };
		AED8B66B255DF10C008F9769 /* IssuesExtension.intentdefinition */ = {isa = PBXFileReference; lastKnownFileType = file.intentdefinition; path = IssuesExtension.intentdefinition; sourceTree = "<group>"; };
		AED8B66C255DF10E008F9769 /* Assets.xcassets */ = {isa = PBXFileReference; lastKnownFileType = folder.assetcatalog; path = Assets.xcassets; sourceTree = "<group>"; };
		AED8B66E255DF10E008F9769 /* Info.plist */ = {isa = PBXFileReference; lastKnownFileType = text.plist.xml; path = Info.plist; sourceTree = "<group>"; };
		AEDED2CD253C6372007A376F /* IssueAnsweredView.swift */ = {isa = PBXFileReference; lastKnownFileType = sourcecode.swift; path = IssueAnsweredView.swift; sourceTree = "<group>"; };
		AEECD737254F465400D536AF /* Option.swift */ = {isa = PBXFileReference; lastKnownFileType = sourcecode.swift; path = Option.swift; sourceTree = "<group>"; };
		AEED15C4257D94B4007FF221 /* ErrorView.swift */ = {isa = PBXFileReference; lastKnownFileType = sourcecode.swift; path = ErrorView.swift; sourceTree = "<group>"; };
		AEF9213125616A2C0048EAFC /* MediumExtensionView.swift */ = {isa = PBXFileReference; lastKnownFileType = sourcecode.swift; path = MediumExtensionView.swift; sourceTree = "<group>"; };
		AEF9214F25616D280048EAFC /* SmallExtensionView.swift */ = {isa = PBXFileReference; lastKnownFileType = sourcecode.swift; path = SmallExtensionView.swift; sourceTree = "<group>"; };
		AEF921632561728F0048EAFC /* LargeExtensionView.swift */ = {isa = PBXFileReference; lastKnownFileType = sourcecode.swift; path = LargeExtensionView.swift; sourceTree = "<group>"; };
		AEF9216E256176A10048EAFC /* IssuesList.swift */ = {isa = PBXFileReference; lastKnownFileType = sourcecode.swift; path = IssuesList.swift; sourceTree = "<group>"; };
		AEFCC53B2550BCC1002E754F /* FetchIssuesResult.swift */ = {isa = PBXFileReference; lastKnownFileType = sourcecode.swift; path = FetchIssuesResult.swift; sourceTree = "<group>"; };
		AEFF41C92532776500206676 /* URLBuilder.swift */ = {isa = PBXFileReference; lastKnownFileType = sourcecode.swift; path = URLBuilder.swift; sourceTree = "<group>"; };
		AEFF41CE2533808F00206676 /* NationStatesXMLParser.swift */ = {isa = PBXFileReference; lastKnownFileType = sourcecode.swift; path = NationStatesXMLParser.swift; sourceTree = "<group>"; };
		AEFF41D92533834300206676 /* AnswerIssueResponseXMLParser.swift */ = {isa = PBXFileReference; lastKnownFileType = sourcecode.swift; path = AnswerIssueResponseXMLParser.swift; sourceTree = "<group>"; };
		AEFF41DF2533849D00206676 /* AnswerIssueResponseXMLParserTests.swift */ = {isa = PBXFileReference; lastKnownFileType = sourcecode.swift; path = AnswerIssueResponseXMLParserTests.swift; sourceTree = "<group>"; };
		AEFF41E72535033600206676 /* PingResponseXMLParser.swift */ = {isa = PBXFileReference; lastKnownFileType = sourcecode.swift; path = PingResponseXMLParser.swift; sourceTree = "<group>"; };
		AEFF41EC253503B600206676 /* PingResponseXMLParserTests.swift */ = {isa = PBXFileReference; lastKnownFileType = sourcecode.swift; path = PingResponseXMLParserTests.swift; sourceTree = "<group>"; };
		AEFF41FC2536589A00206676 /* URLRequest+Extras.swift */ = {isa = PBXFileReference; lastKnownFileType = sourcecode.swift; path = "URLRequest+Extras.swift"; sourceTree = "<group>"; };
/* End PBXFileReference section */

/* Begin PBXFrameworksBuildPhase section */
		AE87649E252E6F2900EFE031 /* Frameworks */ = {
			isa = PBXFrameworksBuildPhase;
			buildActionMask = 2147483647;
			files = (
			);
			runOnlyForDeploymentPostprocessing = 0;
		};
		AE8764AF252E6F2A00EFE031 /* Frameworks */ = {
			isa = PBXFrameworksBuildPhase;
			buildActionMask = 2147483647;
			files = (
			);
			runOnlyForDeploymentPostprocessing = 0;
		};
		AE8764BA252E6F2A00EFE031 /* Frameworks */ = {
			isa = PBXFrameworksBuildPhase;
			buildActionMask = 2147483647;
			files = (
			);
			runOnlyForDeploymentPostprocessing = 0;
		};
		AED8B65F255DF10C008F9769 /* Frameworks */ = {
			isa = PBXFrameworksBuildPhase;
			buildActionMask = 2147483647;
			files = (
				AED8B667255DF10C008F9769 /* SwiftUI.framework in Frameworks */,
				AED8B665255DF10C008F9769 /* WidgetKit.framework in Frameworks */,
			);
			runOnlyForDeploymentPostprocessing = 0;
		};
/* End PBXFrameworksBuildPhase section */

/* Begin PBXGroup section */
		AE15A6CF253107AF004478C3 /* API */ = {
			isa = PBXGroup;
			children = (
				AE95F1202538E3BC00860D25 /* CachedRemoteImage.swift */,
				AE8981AE2530FD8D00D62766 /* AuthenticationContainer.swift */,
				AE790DD7256DA74800051FD4 /* NationDetailsProvider */,
				AE21042D254A37E3005AC68C /* AuthenticationProvider */,
				AE5BDB9A2548BDEE00F3954D /* IssueProvider */,
				AE6B13D02546013A00606A6A /* Parsers */,
				AE4BACC52544E93B00B391B4 /* CensusScales */,
				AE15A6D825310852004478C3 /* NationStatesAPI.swift */,
				AEFF41C92532776500206676 /* URLBuilder.swift */,
				AEFF41FC2536589A00206676 /* URLRequest+Extras.swift */,
				AE5EF20F2553342A0079389F /* APIRequest.swift */,
				AE790DF8256EDC9D00051FD4 /* BasicImageCache.swift */,
			);
			path = API;
			sourceTree = "<group>";
		};
		AE1C5A6C25589D3A008811E6 /* Provider */ = {
			isa = PBXGroup;
			children = (
				AE1318F525573AFA00A5D693 /* CompletedIssueProvider.swift */,
				AE2EDE7725573CF100042668 /* MockedCompletedIssueProvider.swift */,
				AE2EDE8B25584E3200042668 /* PersistentCompletedIssueProvider.swift */,
			);
			path = Provider;
			sourceTree = "<group>";
		};
		AE1C5A6D25589D56008811E6 /* Secrets */ = {
			isa = PBXGroup;
			children = (
				AE15A6C225310372004478C3 /* SecureStorage.swift */,
				AE15A6CA25310387004478C3 /* UserDefaultsStorage.swift */,
				AE115FB02559F9C900EB1932 /* KeychainSecretsStorage.swift */,
			);
			path = Secrets;
			sourceTree = "<group>";
		};
		AE1C5A6E25589DAB008811E6 /* ManagedObjects+ */ = {
			isa = PBXGroup;
			children = (
				AE1C5A6F25589DB9008811E6 /* OptionMO+.swift */,
				AE1C5A7725589E87008811E6 /* IssueMO+.swift */,
				AE1C5A7C25589EB2008811E6 /* AnsweredIssueResultMO+.swift */,
				AE1C5A8125589EBC008811E6 /* ReclassifyMO+.swift */,
				AE1C5A8625589EC5008811E6 /* RankingMO+.swift */,
				AE1C5A8B25589F9C008811E6 /* CompletedIssueMO+.swift */,
				AE1C5A932558ACC0008811E6 /* HeadlineMO+.swift */,
				AE115F8F2559DE1700EB1932 /* MO+Protocols.swift */,
			);
			path = "ManagedObjects+";
			sourceTree = "<group>";
		};
		AE21042D254A37E3005AC68C /* AuthenticationProvider */ = {
			isa = PBXGroup;
			children = (
				AE210431254B7CA4005AC68C /* AuthenticationProvider.swift */,
				AE210436254B7E0B005AC68C /* APIAuthenticationProvider.swift */,
				AE21043B254B8C3C005AC68C /* MockedAuthenticationProvider.swift */,
			);
			path = AuthenticationProvider;
			sourceTree = "<group>";
		};
		AE2EDE7625573CD100042668 /* CompletedIssues */ = {
			isa = PBXGroup;
			children = (
				AE1C5A6E25589DAB008811E6 /* ManagedObjects+ */,
				AE1C5A6C25589D3A008811E6 /* Provider */,
				AE2EDE822558212F00042668 /* CompletedIssuesModel.xcdatamodeld */,
			);
			path = CompletedIssues;
			sourceTree = "<group>";
		};
		AE32F96E2544D5480037954D /* Nation */ = {
			isa = PBXGroup;
			children = (
				AE32F96F2544D5600037954D /* NationView.swift */,
				AE127F99254F2A96004445E5 /* NationViewModel.swift */,
			);
			path = Nation;
			sourceTree = "<group>";
		};
		AE4BACC52544E93B00B391B4 /* CensusScales */ = {
			isa = PBXGroup;
			children = (
				AE4BACC02544E6E500B391B4 /* CensusScales.plist */,
				AE4BACC62544E97600B391B4 /* CensusScalesLoader.swift */,
				AE4BACCE2544E99900B391B4 /* CensusScale.swift */,
			);
			path = CensusScales;
			sourceTree = "<group>";
		};
		AE5BDB9A2548BDEE00F3954D /* IssueProvider */ = {
			isa = PBXGroup;
			children = (
				AE5BDB9B2548BE0400F3954D /* IssueProvider.swift */,
				AE5BDBA32548BE3800F3954D /* APIIssueProvider.swift */,
				AE8981A92530FBA000D62766 /* MockedIssueProvider.swift */,
			);
			path = IssueProvider;
			sourceTree = "<group>";
		};
		AE6B13D02546013A00606A6A /* Parsers */ = {
			isa = PBXGroup;
			children = (
				AEFF41CE2533808F00206676 /* NationStatesXMLParser.swift */,
				AEFF41D92533834300206676 /* AnswerIssueResponseXMLParser.swift */,
				AEFF41E72535033600206676 /* PingResponseXMLParser.swift */,
				AE15A6E625321084004478C3 /* IssuesResponseXMLParser.swift */,
				AE0FEBE6256D9648000A4B57 /* NationDetailsResponseXMLParser.swift */,
			);
			path = Parsers;
			sourceTree = "<group>";
		};
		AE6B13D12546014B00606A6A /* Parsers */ = {
			isa = PBXGroup;
			children = (
				AEFF41EC253503B600206676 /* PingResponseXMLParserTests.swift */,
				AEFF41DF2533849D00206676 /* AnswerIssueResponseXMLParserTests.swift */,
				AE6B13D2254601B600606A6A /* IssuesResponseXMLParserTests.swift */,
				AE0FEBEC256D9738000A4B57 /* NationDetailsXMLParserTests.swift */,
			);
			path = Parsers;
			sourceTree = "<group>";
		};
		AE790DD7256DA74800051FD4 /* NationDetailsProvider */ = {
			isa = PBXGroup;
			children = (
				AE790DD8256DA75A00051FD4 /* NationDetailsProvider.swift */,
				AE790DDE256DA7B300051FD4 /* APINationDetailsProvider.swift */,
				AE790DF2256DC6E700051FD4 /* MockedNationDetailsProvider.swift */,
			);
			path = NationDetailsProvider;
			sourceTree = "<group>";
		};
		AE876498252E6F2900EFE031 = {
			isa = PBXGroup;
			children = (
				AED8B668255DF10C008F9769 /* IssuesExtension */,
				AE8764A3252E6F2900EFE031 /* NationStatesClient */,
				AE8764B5252E6F2A00EFE031 /* NationStatesClientTests */,
				AE8764C0252E6F2A00EFE031 /* NationStatesClientUITests */,
				AED8B663255DF10C008F9769 /* Frameworks */,
				AE8764A2252E6F2900EFE031 /* Products */,
			);
			sourceTree = "<group>";
		};
		AE8764A2252E6F2900EFE031 /* Products */ = {
			isa = PBXGroup;
			children = (
				AE8764A1252E6F2900EFE031 /* NationStatesClient.app */,
				AE8764B2252E6F2A00EFE031 /* NationStatesClientTests.xctest */,
				AE8764BD252E6F2A00EFE031 /* NationStatesClientUITests.xctest */,
				AED8B662255DF10C008F9769 /* IssuesExtensionExtension.appex */,
			);
			name = Products;
			sourceTree = "<group>";
		};
		AE8764A3252E6F2900EFE031 /* NationStatesClient */ = {
			isa = PBXGroup;
			children = (
				AED5F7E225631693009BDA01 /* NationStatesClient.entitlements */,
				AEECD736254F45DC00D536AF /* Features */,
				AE15A6CF253107AF004478C3 /* API */,
				AE8981A52530F0ED00D62766 /* Persistence */,
				AE8764ED252FADBC00EFE031 /* Model */,
				AE8764A4252E6F2900EFE031 /* NationStatesClientApp.swift */,
				AE6B13CB2545D6AB00606A6A /* AppDelegate.swift */,
				AE616F16254F0D5200C9107C /* ContentViewModel.swift */,
				AE8764A6252E6F2900EFE031 /* ContentView.swift */,
				AE8764A8252E6F2A00EFE031 /* Assets.xcassets */,
				AE8764AD252E6F2A00EFE031 /* Info.plist */,
				AEC6B43B2575AC71000CDD0E /* launch.png */,
				AE8764AA252E6F2A00EFE031 /* Preview Content */,
			);
			path = NationStatesClient;
			sourceTree = "<group>";
		};
		AE8764AA252E6F2A00EFE031 /* Preview Content */ = {
			isa = PBXGroup;
			children = (
				AE8764AB252E6F2A00EFE031 /* Preview Assets.xcassets */,
			);
			path = "Preview Content";
			sourceTree = "<group>";
		};
		AE8764B5252E6F2A00EFE031 /* NationStatesClientTests */ = {
			isa = PBXGroup;
			children = (
				AEFF41DE2533848900206676 /* API */,
				AE8764B6252E6F2A00EFE031 /* NationStatesClientTests.swift */,
				AE8764B8252E6F2A00EFE031 /* Info.plist */,
			);
			path = NationStatesClientTests;
			sourceTree = "<group>";
		};
		AE8764C0252E6F2A00EFE031 /* NationStatesClientUITests */ = {
			isa = PBXGroup;
			children = (
				AE8764C1252E6F2A00EFE031 /* NationStatesClientUITests.swift */,
				AE8764C3252E6F2A00EFE031 /* Info.plist */,
			);
			path = NationStatesClientUITests;
			sourceTree = "<group>";
		};
		AE8764EB252FAD9200EFE031 /* SignIn */ = {
			isa = PBXGroup;
			children = (
				AE8764D2252FA4E500EFE031 /* SignInView.swift */,
				AE8764D7252FA4F100EFE031 /* SignInViewModel.swift */,
			);
			path = SignIn;
			sourceTree = "<group>";
		};
		AE8764EC252FAD9E00EFE031 /* Issues */ = {
			isa = PBXGroup;
			children = (
				AE8764DC252FA92300EFE031 /* IssuesView.swift */,
				AE8764E1252FA92C00EFE031 /* IssuesViewModel.swift */,
				AEED15C4257D94B4007FF221 /* ErrorView.swift */,
			);
			path = Issues;
			sourceTree = "<group>";
		};
		AE8764ED252FADBC00EFE031 /* Model */ = {
			isa = PBXGroup;
			children = (
				AE115F942559E90200EB1932 /* Models+Protocols.swift */,
				AEECD737254F465400D536AF /* Option.swift */,
				AE8764E6252FAA0C00EFE031 /* Issue.swift */,
				AE6B13C32545C29800606A6A /* AnsweredIssueResult.swift */,
				AEFCC53B2550BCC1002E754F /* FetchIssuesResult.swift */,
				AE115F992559EC4700EB1932 /* Ranking.swift */,
				AE115F9E2559EC5200EB1932 /* Headline.swift */,
				AE115FA32559EC5C00EB1932 /* Reclassify.swift */,
				AE115FA82559EC6B00EB1932 /* CompletedIssue.swift */,
				AE0FEBE0256C786D000A4B57 /* Nation.swift */,
			);
			path = Model;
			sourceTree = "<group>";
		};
		AE8764EE252FADC800EFE031 /* IssueDetail */ = {
			isa = PBXGroup;
			children = (
				AEDED2D2253C63FC007A376F /* IssueAnswered */,
				AE8764EF252FADE400EFE031 /* IssueDetailView.swift */,
				AE8764F7252FADEF00EFE031 /* IssueDetailViewModel.swift */,
				AE95F128253B18E400860D25 /* IssueDetailOptionsView.swift */,
			);
			path = IssueDetail;
			sourceTree = "<group>";
		};
		AE8981A52530F0ED00D62766 /* Persistence */ = {
			isa = PBXGroup;
			children = (
				AE1C5A6D25589D56008811E6 /* Secrets */,
				AE2EDE7625573CD100042668 /* CompletedIssues */,
			);
			path = Persistence;
			sourceTree = "<group>";
		};
		AED8B663255DF10C008F9769 /* Frameworks */ = {
			isa = PBXGroup;
			children = (
				AED5F80025631EC5009BDA01 /* MapKit.framework */,
				AED8B664255DF10C008F9769 /* WidgetKit.framework */,
				AED8B666255DF10C008F9769 /* SwiftUI.framework */,
			);
			name = Frameworks;
			sourceTree = "<group>";
		};
		AED8B668255DF10C008F9769 /* IssuesExtension */ = {
			isa = PBXGroup;
			children = (
				AED5F7E325631735009BDA01 /* IssuesExtensionExtension.entitlements */,
				AEF9213025616A160048EAFC /* Views */,
				AED8B669255DF10C008F9769 /* IssuesExtension.swift */,
				AED8B66B255DF10C008F9769 /* IssuesExtension.intentdefinition */,
				AED8B66C255DF10E008F9769 /* Assets.xcassets */,
				AED8B66E255DF10E008F9769 /* Info.plist */,
			);
			path = IssuesExtension;
			sourceTree = "<group>";
		};
		AEDED2D2253C63FC007A376F /* IssueAnswered */ = {
			isa = PBXGroup;
			children = (
				AEDED2CD253C6372007A376F /* IssueAnsweredView.swift */,
			);
			path = IssueAnswered;
			sourceTree = "<group>";
		};
		AEECD736254F45DC00D536AF /* Features */ = {
			isa = PBXGroup;
			children = (
				AE8764EC252FAD9E00EFE031 /* Issues */,
				AE8764EB252FAD9200EFE031 /* SignIn */,
				AE8764EE252FADC800EFE031 /* IssueDetail */,
				AE32F96E2544D5480037954D /* Nation */,
			);
			path = Features;
			sourceTree = "<group>";
		};
		AEF9213025616A160048EAFC /* Views */ = {
			isa = PBXGroup;
			children = (
				AEF9216D2561768C0048EAFC /* Shared */,
				AEF9214F25616D280048EAFC /* SmallExtensionView.swift */,
				AEF9213125616A2C0048EAFC /* MediumExtensionView.swift */,
				AEF921632561728F0048EAFC /* LargeExtensionView.swift */,
			);
			path = Views;
			sourceTree = "<group>";
		};
		AEF9216D2561768C0048EAFC /* Shared */ = {
			isa = PBXGroup;
			children = (
				AEF9216E256176A10048EAFC /* IssuesList.swift */,
				AE6D8346256473B500FA1CF7 /* InformationText.swift */,
				AE853F442576F82B0091503C /* NationIssuesView.swift */,
				AE853F4A2576F8AB0091503C /* Icon.swift */,
			);
			path = Shared;
			sourceTree = "<group>";
		};
		AEFF41DE2533848900206676 /* API */ = {
			isa = PBXGroup;
			children = (
				AE6B13D12546014B00606A6A /* Parsers */,
				AE8AA1A12552F92A0031D112 /* NationStatesAPITests.swift */,
				AE5EF217255343100079389F /* APIRequestTests.swift */,
			);
			path = API;
			sourceTree = "<group>";
		};
/* End PBXGroup section */

/* Begin PBXNativeTarget section */
		AE8764A0252E6F2900EFE031 /* NationStatesClient */ = {
			isa = PBXNativeTarget;
			buildConfigurationList = AE8764C6252E6F2A00EFE031 /* Build configuration list for PBXNativeTarget "NationStatesClient" */;
			buildPhases = (
				AE87649D252E6F2900EFE031 /* Sources */,
				AE87649E252E6F2900EFE031 /* Frameworks */,
				AE87649F252E6F2900EFE031 /* Resources */,
				AED8B674255DF10E008F9769 /* Embed App Extensions */,
			);
			buildRules = (
			);
			dependencies = (
				AED8B672255DF10E008F9769 /* PBXTargetDependency */,
			);
			name = NationStatesClient;
			productName = NationStatesClient;
			productReference = AE8764A1252E6F2900EFE031 /* NationStatesClient.app */;
			productType = "com.apple.product-type.application";
		};
		AE8764B1252E6F2A00EFE031 /* NationStatesClientTests */ = {
			isa = PBXNativeTarget;
			buildConfigurationList = AE8764C9252E6F2A00EFE031 /* Build configuration list for PBXNativeTarget "NationStatesClientTests" */;
			buildPhases = (
				AE8764AE252E6F2A00EFE031 /* Sources */,
				AE8764AF252E6F2A00EFE031 /* Frameworks */,
				AE8764B0252E6F2A00EFE031 /* Resources */,
			);
			buildRules = (
			);
			dependencies = (
				AE8764B4252E6F2A00EFE031 /* PBXTargetDependency */,
			);
			name = NationStatesClientTests;
			productName = NationStatesClientTests;
			productReference = AE8764B2252E6F2A00EFE031 /* NationStatesClientTests.xctest */;
			productType = "com.apple.product-type.bundle.unit-test";
		};
		AE8764BC252E6F2A00EFE031 /* NationStatesClientUITests */ = {
			isa = PBXNativeTarget;
			buildConfigurationList = AE8764CC252E6F2A00EFE031 /* Build configuration list for PBXNativeTarget "NationStatesClientUITests" */;
			buildPhases = (
				AE8764B9252E6F2A00EFE031 /* Sources */,
				AE8764BA252E6F2A00EFE031 /* Frameworks */,
				AE8764BB252E6F2A00EFE031 /* Resources */,
			);
			buildRules = (
			);
			dependencies = (
				AE8764BF252E6F2A00EFE031 /* PBXTargetDependency */,
			);
			name = NationStatesClientUITests;
			productName = NationStatesClientUITests;
			productReference = AE8764BD252E6F2A00EFE031 /* NationStatesClientUITests.xctest */;
			productType = "com.apple.product-type.bundle.ui-testing";
		};
		AED8B661255DF10C008F9769 /* IssuesExtensionExtension */ = {
			isa = PBXNativeTarget;
			buildConfigurationList = AED8B677255DF10E008F9769 /* Build configuration list for PBXNativeTarget "IssuesExtensionExtension" */;
			buildPhases = (
				AED8B65E255DF10C008F9769 /* Sources */,
				AED8B65F255DF10C008F9769 /* Frameworks */,
				AED8B660255DF10C008F9769 /* Resources */,
			);
			buildRules = (
			);
			dependencies = (
			);
			name = IssuesExtensionExtension;
			productName = IssuesExtensionExtension;
			productReference = AED8B662255DF10C008F9769 /* IssuesExtensionExtension.appex */;
			productType = "com.apple.product-type.app-extension";
		};
/* End PBXNativeTarget section */

/* Begin PBXProject section */
		AE876499252E6F2900EFE031 /* Project object */ = {
			isa = PBXProject;
			attributes = {
				LastSwiftUpdateCheck = 1200;
				LastUpgradeCheck = 1200;
				TargetAttributes = {
					AE8764A0252E6F2900EFE031 = {
						CreatedOnToolsVersion = 12.0;
					};
					AE8764B1252E6F2A00EFE031 = {
						CreatedOnToolsVersion = 12.0;
						TestTargetID = AE8764A0252E6F2900EFE031;
					};
					AE8764BC252E6F2A00EFE031 = {
						CreatedOnToolsVersion = 12.0;
						TestTargetID = AE8764A0252E6F2900EFE031;
					};
					AED8B661255DF10C008F9769 = {
						CreatedOnToolsVersion = 12.0;
					};
				};
			};
			buildConfigurationList = AE87649C252E6F2900EFE031 /* Build configuration list for PBXProject "NationStatesClient" */;
			compatibilityVersion = "Xcode 9.3";
			developmentRegion = en;
			hasScannedForEncodings = 0;
			knownRegions = (
				en,
				Base,
			);
			mainGroup = AE876498252E6F2900EFE031;
			productRefGroup = AE8764A2252E6F2900EFE031 /* Products */;
			projectDirPath = "";
			projectRoot = "";
			targets = (
				AE8764A0252E6F2900EFE031 /* NationStatesClient */,
				AED8B661255DF10C008F9769 /* IssuesExtensionExtension */,
				AE8764B1252E6F2A00EFE031 /* NationStatesClientTests */,
				AE8764BC252E6F2A00EFE031 /* NationStatesClientUITests */,
			);
		};
/* End PBXProject section */

/* Begin PBXResourcesBuildPhase section */
		AE87649F252E6F2900EFE031 /* Resources */ = {
			isa = PBXResourcesBuildPhase;
			buildActionMask = 2147483647;
			files = (
				AE4BACC12544E6E500B391B4 /* CensusScales.plist in Resources */,
				AE8764AC252E6F2A00EFE031 /* Preview Assets.xcassets in Resources */,
				AEC6B43C2575AC71000CDD0E /* launch.png in Resources */,
				AE8764A9252E6F2A00EFE031 /* Assets.xcassets in Resources */,
			);
			runOnlyForDeploymentPostprocessing = 0;
		};
		AE8764B0252E6F2A00EFE031 /* Resources */ = {
			isa = PBXResourcesBuildPhase;
			buildActionMask = 2147483647;
			files = (
			);
			runOnlyForDeploymentPostprocessing = 0;
		};
		AE8764BB252E6F2A00EFE031 /* Resources */ = {
			isa = PBXResourcesBuildPhase;
			buildActionMask = 2147483647;
			files = (
			);
			runOnlyForDeploymentPostprocessing = 0;
		};
		AED8B660255DF10C008F9769 /* Resources */ = {
			isa = PBXResourcesBuildPhase;
			buildActionMask = 2147483647;
			files = (
				AED8B66D255DF10E008F9769 /* Assets.xcassets in Resources */,
			);
			runOnlyForDeploymentPostprocessing = 0;
		};
/* End PBXResourcesBuildPhase section */

/* Begin PBXSourcesBuildPhase section */
		AE87649D252E6F2900EFE031 /* Sources */ = {
			isa = PBXSourcesBuildPhase;
			buildActionMask = 2147483647;
			files = (
				AE21043C254B8C3C005AC68C /* MockedAuthenticationProvider.swift in Sources */,
				AE2EDE8C25584E3200042668 /* PersistentCompletedIssueProvider.swift in Sources */,
				AE15A6E725321084004478C3 /* IssuesResponseXMLParser.swift in Sources */,
				AE1C5A8C25589F9C008811E6 /* CompletedIssueMO+.swift in Sources */,
				AEFF41DA2533834300206676 /* AnswerIssueResponseXMLParser.swift in Sources */,
				AEFF41CF2533808F00206676 /* NationStatesXMLParser.swift in Sources */,
				AE15A6D925310852004478C3 /* NationStatesAPI.swift in Sources */,
				AE1C5A8725589EC5008811E6 /* RankingMO+.swift in Sources */,
				AE6B13CC2545D6AB00606A6A /* AppDelegate.swift in Sources */,
				AEFF41FD2536589A00206676 /* URLRequest+Extras.swift in Sources */,
				AE2EDE842558212F00042668 /* CompletedIssuesModel.xcdatamodeld in Sources */,
				AE127F9A254F2A96004445E5 /* NationViewModel.swift in Sources */,
				AE790DF9256EDC9D00051FD4 /* BasicImageCache.swift in Sources */,
				AEFCC53C2550BCC1002E754F /* FetchIssuesResult.swift in Sources */,
				AE8764D8252FA4F100EFE031 /* SignInViewModel.swift in Sources */,
				AEED15C5257D94B4007FF221 /* ErrorView.swift in Sources */,
				AE8764E7252FAA0C00EFE031 /* Issue.swift in Sources */,
				AE790DF3256DC6E700051FD4 /* MockedNationDetailsProvider.swift in Sources */,
				AE5BDB9C2548BE0400F3954D /* IssueProvider.swift in Sources */,
				AE8764DD252FA92300EFE031 /* IssuesView.swift in Sources */,
				AE115F902559DE1700EB1932 /* MO+Protocols.swift in Sources */,
				AE115F9A2559EC4700EB1932 /* Ranking.swift in Sources */,
				AE32F9702544D5600037954D /* NationView.swift in Sources */,
				AE790DD9256DA75A00051FD4 /* NationDetailsProvider.swift in Sources */,
				AE115FA92559EC6B00EB1932 /* CompletedIssue.swift in Sources */,
				AE5BDBA42548BE3800F3954D /* APIIssueProvider.swift in Sources */,
				AE1C5A7D25589EB2008811E6 /* AnsweredIssueResultMO+.swift in Sources */,
				AE4BACC72544E97600B391B4 /* CensusScalesLoader.swift in Sources */,
				AEFF41CA2532776500206676 /* URLBuilder.swift in Sources */,
				AE115FB12559F9C900EB1932 /* KeychainSecretsStorage.swift in Sources */,
				AED8B670255DF10E008F9769 /* IssuesExtension.intentdefinition in Sources */,
				AE5EF2102553342A0079389F /* APIRequest.swift in Sources */,
				AEECD738254F465400D536AF /* Option.swift in Sources */,
				AE95F129253B18E400860D25 /* IssueDetailOptionsView.swift in Sources */,
				AE790DDF256DA7B300051FD4 /* APINationDetailsProvider.swift in Sources */,
				AE8981AA2530FBA000D62766 /* MockedIssueProvider.swift in Sources */,
				AE8764E2252FA92C00EFE031 /* IssuesViewModel.swift in Sources */,
				AE8764D3252FA4E500EFE031 /* SignInView.swift in Sources */,
				AE1C5A7825589E87008811E6 /* IssueMO+.swift in Sources */,
				AE1C5A7025589DB9008811E6 /* OptionMO+.swift in Sources */,
				AE6B13C42545C29800606A6A /* AnsweredIssueResult.swift in Sources */,
				AE616F17254F0D5200C9107C /* ContentViewModel.swift in Sources */,
				AE2EDE7825573CF100042668 /* MockedCompletedIssueProvider.swift in Sources */,
				AE0FEBE1256C786D000A4B57 /* Nation.swift in Sources */,
				AE15A6C325310372004478C3 /* SecureStorage.swift in Sources */,
				AEDED2CE253C6372007A376F /* IssueAnsweredView.swift in Sources */,
				AE8981AF2530FD8D00D62766 /* AuthenticationContainer.swift in Sources */,
				AE1C5A942558ACC0008811E6 /* HeadlineMO+.swift in Sources */,
				AE8764F8252FADEF00EFE031 /* IssueDetailViewModel.swift in Sources */,
				AEFF41E82535033600206676 /* PingResponseXMLParser.swift in Sources */,
				AE15A6CB25310387004478C3 /* UserDefaultsStorage.swift in Sources */,
				AE8764A7252E6F2900EFE031 /* ContentView.swift in Sources */,
				AE1C5A8225589EBC008811E6 /* ReclassifyMO+.swift in Sources */,
				AE210432254B7CA4005AC68C /* AuthenticationProvider.swift in Sources */,
				AE0FEBE7256D9648000A4B57 /* NationDetailsResponseXMLParser.swift in Sources */,
				AE95F1212538E3BC00860D25 /* CachedRemoteImage.swift in Sources */,
				AE115FA42559EC5C00EB1932 /* Reclassify.swift in Sources */,
				AE8764A5252E6F2900EFE031 /* NationStatesClientApp.swift in Sources */,
				AE115F952559E90200EB1932 /* Models+Protocols.swift in Sources */,
				AE4BACCF2544E99900B391B4 /* CensusScale.swift in Sources */,
				AE8764F0252FADE400EFE031 /* IssueDetailView.swift in Sources */,
				AE210437254B7E0B005AC68C /* APIAuthenticationProvider.swift in Sources */,
				AE1318F625573AFA00A5D693 /* CompletedIssueProvider.swift in Sources */,
				AE115F9F2559EC5200EB1932 /* Headline.swift in Sources */,
			);
			runOnlyForDeploymentPostprocessing = 0;
		};
		AE8764AE252E6F2A00EFE031 /* Sources */ = {
			isa = PBXSourcesBuildPhase;
			buildActionMask = 2147483647;
			files = (
				AE8AA1A22552F92A0031D112 /* NationStatesAPITests.swift in Sources */,
				AE8764B7252E6F2A00EFE031 /* NationStatesClientTests.swift in Sources */,
				AE6B13D3254601B600606A6A /* IssuesResponseXMLParserTests.swift in Sources */,
				AEFF41ED253503B600206676 /* PingResponseXMLParserTests.swift in Sources */,
				AE5EF218255343100079389F /* APIRequestTests.swift in Sources */,
				AEFF41E02533849D00206676 /* AnswerIssueResponseXMLParserTests.swift in Sources */,
				AE0FEBED256D9738000A4B57 /* NationDetailsXMLParserTests.swift in Sources */,
			);
			runOnlyForDeploymentPostprocessing = 0;
		};
		AE8764B9252E6F2A00EFE031 /* Sources */ = {
			isa = PBXSourcesBuildPhase;
			buildActionMask = 2147483647;
			files = (
				AE8764C2252E6F2A00EFE031 /* NationStatesClientUITests.swift in Sources */,
			);
			runOnlyForDeploymentPostprocessing = 0;
		};
		AED8B65E255DF10C008F9769 /* Sources */ = {
			isa = PBXSourcesBuildPhase;
			buildActionMask = 2147483647;
			files = (
				AED8B685255DF617008F9769 /* Option.swift in Sources */,
				AED8B6F9255F4BA4008F9769 /* MockedIssueProvider.swift in Sources */,
				AED8B6EF255F4839008F9769 /* IssuesResponseXMLParser.swift in Sources */,
				AEF9216F256176A10048EAFC /* IssuesList.swift in Sources */,
				AED8B66F255DF10E008F9769 /* IssuesExtension.intentdefinition in Sources */,
				AED8B6CC255F4807008F9769 /* CensusScale.swift in Sources */,
				AE790DE4256DA8DF00051FD4 /* Nation.swift in Sources */,
				AED8B6D1255F480E008F9769 /* KeychainSecretsStorage.swift in Sources */,
				AEF921642561728F0048EAFC /* LargeExtensionView.swift in Sources */,
				AED8B6DB255F481F008F9769 /* URLRequest+Extras.swift in Sources */,
				AE790DE9256DA8EA00051FD4 /* NationDetailsResponseXMLParser.swift in Sources */,
				AE853F452576F82B0091503C /* NationIssuesView.swift in Sources */,
				AED8B66A255DF10C008F9769 /* IssuesExtension.swift in Sources */,
				AED8B6A4255F47D6008F9769 /* NationStatesAPI.swift in Sources */,
				AED8B6D6255F4815008F9769 /* APIRequest.swift in Sources */,
				AED8B6E0255F4825008F9769 /* URLBuilder.swift in Sources */,
				AED8B6C2255F47FA008F9769 /* Ranking.swift in Sources */,
				AED8B6B8255F47ED008F9769 /* SecureStorage.swift in Sources */,
				AED8B6C7255F4802008F9769 /* CensusScalesLoader.swift in Sources */,
				AED8B68A255DF61D008F9769 /* Models+Protocols.swift in Sources */,
				AED8B6A9255F47DD008F9769 /* AnsweredIssueResult.swift in Sources */,
				AED8B680255DF3A7008F9769 /* Issue.swift in Sources */,
				AED8B6EA255F4831008F9769 /* AnswerIssueResponseXMLParser.swift in Sources */,
				AE853F4B2576F8AB0091503C /* Icon.swift in Sources */,
				AED8B6AE255F47E2008F9769 /* Headline.swift in Sources */,
				AEF9215025616D280048EAFC /* SmallExtensionView.swift in Sources */,
				AED8B69A255F47C7008F9769 /* IssueProvider.swift in Sources */,
				AEF9214A25616C7D0048EAFC /* MediumExtensionView.swift in Sources */,
				AED8B6F4255F4841008F9769 /* NationStatesXMLParser.swift in Sources */,
				AED8B695255F47C4008F9769 /* APIIssueProvider.swift in Sources */,
				AED8B69F255F47CE008F9769 /* FetchIssuesResult.swift in Sources */,
				AED8B6E5255F482C008F9769 /* PingResponseXMLParser.swift in Sources */,
				AED8B6BD255F47F4008F9769 /* Reclassify.swift in Sources */,
				AED8B6B3255F47E9008F9769 /* AuthenticationContainer.swift in Sources */,
				AE6D8347256473B500FA1CF7 /* InformationText.swift in Sources */,
			);
			runOnlyForDeploymentPostprocessing = 0;
		};
/* End PBXSourcesBuildPhase section */

/* Begin PBXTargetDependency section */
		AE8764B4252E6F2A00EFE031 /* PBXTargetDependency */ = {
			isa = PBXTargetDependency;
			target = AE8764A0252E6F2900EFE031 /* NationStatesClient */;
			targetProxy = AE8764B3252E6F2A00EFE031 /* PBXContainerItemProxy */;
		};
		AE8764BF252E6F2A00EFE031 /* PBXTargetDependency */ = {
			isa = PBXTargetDependency;
			target = AE8764A0252E6F2900EFE031 /* NationStatesClient */;
			targetProxy = AE8764BE252E6F2A00EFE031 /* PBXContainerItemProxy */;
		};
		AED8B672255DF10E008F9769 /* PBXTargetDependency */ = {
			isa = PBXTargetDependency;
			target = AED8B661255DF10C008F9769 /* IssuesExtensionExtension */;
			targetProxy = AED8B671255DF10E008F9769 /* PBXContainerItemProxy */;
		};
/* End PBXTargetDependency section */

/* Begin XCBuildConfiguration section */
		AE8764C4252E6F2A00EFE031 /* Debug */ = {
			isa = XCBuildConfiguration;
			buildSettings = {
				ALWAYS_SEARCH_USER_PATHS = NO;
				CLANG_ANALYZER_NONNULL = YES;
				CLANG_ANALYZER_NUMBER_OBJECT_CONVERSION = YES_AGGRESSIVE;
				CLANG_CXX_LANGUAGE_STANDARD = "gnu++14";
				CLANG_CXX_LIBRARY = "libc++";
				CLANG_ENABLE_MODULES = YES;
				CLANG_ENABLE_OBJC_ARC = YES;
				CLANG_ENABLE_OBJC_WEAK = YES;
				CLANG_WARN_BLOCK_CAPTURE_AUTORELEASING = YES;
				CLANG_WARN_BOOL_CONVERSION = YES;
				CLANG_WARN_COMMA = YES;
				CLANG_WARN_CONSTANT_CONVERSION = YES;
				CLANG_WARN_DEPRECATED_OBJC_IMPLEMENTATIONS = YES;
				CLANG_WARN_DIRECT_OBJC_ISA_USAGE = YES_ERROR;
				CLANG_WARN_DOCUMENTATION_COMMENTS = YES;
				CLANG_WARN_EMPTY_BODY = YES;
				CLANG_WARN_ENUM_CONVERSION = YES;
				CLANG_WARN_INFINITE_RECURSION = YES;
				CLANG_WARN_INT_CONVERSION = YES;
				CLANG_WARN_NON_LITERAL_NULL_CONVERSION = YES;
				CLANG_WARN_OBJC_IMPLICIT_RETAIN_SELF = YES;
				CLANG_WARN_OBJC_LITERAL_CONVERSION = YES;
				CLANG_WARN_OBJC_ROOT_CLASS = YES_ERROR;
				CLANG_WARN_QUOTED_INCLUDE_IN_FRAMEWORK_HEADER = YES;
				CLANG_WARN_RANGE_LOOP_ANALYSIS = YES;
				CLANG_WARN_STRICT_PROTOTYPES = YES;
				CLANG_WARN_SUSPICIOUS_MOVE = YES;
				CLANG_WARN_UNGUARDED_AVAILABILITY = YES_AGGRESSIVE;
				CLANG_WARN_UNREACHABLE_CODE = YES;
				CLANG_WARN__DUPLICATE_METHOD_MATCH = YES;
				COPY_PHASE_STRIP = NO;
				DEBUG_INFORMATION_FORMAT = dwarf;
				ENABLE_STRICT_OBJC_MSGSEND = YES;
				ENABLE_TESTABILITY = YES;
				GCC_C_LANGUAGE_STANDARD = gnu11;
				GCC_DYNAMIC_NO_PIC = NO;
				GCC_NO_COMMON_BLOCKS = YES;
				GCC_OPTIMIZATION_LEVEL = 0;
				GCC_PREPROCESSOR_DEFINITIONS = (
					"DEBUG=1",
					"$(inherited)",
				);
				GCC_WARN_64_TO_32_BIT_CONVERSION = YES;
				GCC_WARN_ABOUT_RETURN_TYPE = YES_ERROR;
				GCC_WARN_UNDECLARED_SELECTOR = YES;
				GCC_WARN_UNINITIALIZED_AUTOS = YES_AGGRESSIVE;
				GCC_WARN_UNUSED_FUNCTION = YES;
				GCC_WARN_UNUSED_VARIABLE = YES;
				IPHONEOS_DEPLOYMENT_TARGET = 14.0;
				MTL_ENABLE_DEBUG_INFO = INCLUDE_SOURCE;
				MTL_FAST_MATH = YES;
				ONLY_ACTIVE_ARCH = YES;
				SDKROOT = iphoneos;
				SWIFT_ACTIVE_COMPILATION_CONDITIONS = DEBUG;
				SWIFT_OPTIMIZATION_LEVEL = "-Onone";
			};
			name = Debug;
		};
		AE8764C5252E6F2A00EFE031 /* Release */ = {
			isa = XCBuildConfiguration;
			buildSettings = {
				ALWAYS_SEARCH_USER_PATHS = NO;
				CLANG_ANALYZER_NONNULL = YES;
				CLANG_ANALYZER_NUMBER_OBJECT_CONVERSION = YES_AGGRESSIVE;
				CLANG_CXX_LANGUAGE_STANDARD = "gnu++14";
				CLANG_CXX_LIBRARY = "libc++";
				CLANG_ENABLE_MODULES = YES;
				CLANG_ENABLE_OBJC_ARC = YES;
				CLANG_ENABLE_OBJC_WEAK = YES;
				CLANG_WARN_BLOCK_CAPTURE_AUTORELEASING = YES;
				CLANG_WARN_BOOL_CONVERSION = YES;
				CLANG_WARN_COMMA = YES;
				CLANG_WARN_CONSTANT_CONVERSION = YES;
				CLANG_WARN_DEPRECATED_OBJC_IMPLEMENTATIONS = YES;
				CLANG_WARN_DIRECT_OBJC_ISA_USAGE = YES_ERROR;
				CLANG_WARN_DOCUMENTATION_COMMENTS = YES;
				CLANG_WARN_EMPTY_BODY = YES;
				CLANG_WARN_ENUM_CONVERSION = YES;
				CLANG_WARN_INFINITE_RECURSION = YES;
				CLANG_WARN_INT_CONVERSION = YES;
				CLANG_WARN_NON_LITERAL_NULL_CONVERSION = YES;
				CLANG_WARN_OBJC_IMPLICIT_RETAIN_SELF = YES;
				CLANG_WARN_OBJC_LITERAL_CONVERSION = YES;
				CLANG_WARN_OBJC_ROOT_CLASS = YES_ERROR;
				CLANG_WARN_QUOTED_INCLUDE_IN_FRAMEWORK_HEADER = YES;
				CLANG_WARN_RANGE_LOOP_ANALYSIS = YES;
				CLANG_WARN_STRICT_PROTOTYPES = YES;
				CLANG_WARN_SUSPICIOUS_MOVE = YES;
				CLANG_WARN_UNGUARDED_AVAILABILITY = YES_AGGRESSIVE;
				CLANG_WARN_UNREACHABLE_CODE = YES;
				CLANG_WARN__DUPLICATE_METHOD_MATCH = YES;
				COPY_PHASE_STRIP = NO;
				DEBUG_INFORMATION_FORMAT = "dwarf-with-dsym";
				ENABLE_NS_ASSERTIONS = NO;
				ENABLE_STRICT_OBJC_MSGSEND = YES;
				GCC_C_LANGUAGE_STANDARD = gnu11;
				GCC_NO_COMMON_BLOCKS = YES;
				GCC_WARN_64_TO_32_BIT_CONVERSION = YES;
				GCC_WARN_ABOUT_RETURN_TYPE = YES_ERROR;
				GCC_WARN_UNDECLARED_SELECTOR = YES;
				GCC_WARN_UNINITIALIZED_AUTOS = YES_AGGRESSIVE;
				GCC_WARN_UNUSED_FUNCTION = YES;
				GCC_WARN_UNUSED_VARIABLE = YES;
				IPHONEOS_DEPLOYMENT_TARGET = 14.0;
				MTL_ENABLE_DEBUG_INFO = NO;
				MTL_FAST_MATH = YES;
				SDKROOT = iphoneos;
				SWIFT_COMPILATION_MODE = wholemodule;
				SWIFT_OPTIMIZATION_LEVEL = "-O";
				VALIDATE_PRODUCT = YES;
			};
			name = Release;
		};
		AE8764C7252E6F2A00EFE031 /* Debug */ = {
			isa = XCBuildConfiguration;
			buildSettings = {
				ALWAYS_EMBED_SWIFT_STANDARD_LIBRARIES = YES;
				ASSETCATALOG_COMPILER_APPICON_NAME = AppIcon;
				ASSETCATALOG_COMPILER_GLOBAL_ACCENT_COLOR_NAME = AccentColor;
				CODE_SIGN_ENTITLEMENTS = NationStatesClient/NationStatesClient.entitlements;
				CODE_SIGN_IDENTITY = "Apple Development";
				CODE_SIGN_STYLE = Automatic;
				DEVELOPMENT_ASSET_PATHS = "\"NationStatesClient/Preview Content\"";
				DEVELOPMENT_TEAM = GY3SL5N58H;
				ENABLE_PREVIEWS = YES;
				INFOPLIST_FILE = NationStatesClient/Info.plist;
				IPHONEOS_DEPLOYMENT_TARGET = 14.0;
				LD_RUNPATH_SEARCH_PATHS = (
					"$(inherited)",
					"@executable_path/Frameworks",
				);
				MARKETING_VERSION = 1.0;
				PRODUCT_BUNDLE_IDENTIFIER = "bart-kneepkens.NationStatesClient";
				PRODUCT_NAME = "$(TARGET_NAME)";
				PROVISIONING_PROFILE_SPECIFIER = "";
				SWIFT_VERSION = 5.0;
				TARGETED_DEVICE_FAMILY = "1,2";
			};
			name = Debug;
		};
		AE8764C8252E6F2A00EFE031 /* Release */ = {
			isa = XCBuildConfiguration;
			buildSettings = {
				ALWAYS_EMBED_SWIFT_STANDARD_LIBRARIES = YES;
				ASSETCATALOG_COMPILER_APPICON_NAME = AppIcon;
				ASSETCATALOG_COMPILER_GLOBAL_ACCENT_COLOR_NAME = AccentColor;
				CODE_SIGN_ENTITLEMENTS = NationStatesClient/NationStatesClient.entitlements;
				CODE_SIGN_IDENTITY = "Apple Development";
				CODE_SIGN_STYLE = Automatic;
				DEVELOPMENT_ASSET_PATHS = "\"NationStatesClient/Preview Content\"";
				DEVELOPMENT_TEAM = GY3SL5N58H;
				ENABLE_PREVIEWS = YES;
				INFOPLIST_FILE = NationStatesClient/Info.plist;
				IPHONEOS_DEPLOYMENT_TARGET = 14.0;
				LD_RUNPATH_SEARCH_PATHS = (
					"$(inherited)",
					"@executable_path/Frameworks",
				);
				MARKETING_VERSION = 1.0;
				PRODUCT_BUNDLE_IDENTIFIER = "bart-kneepkens.NationStatesClient";
				PRODUCT_NAME = "$(TARGET_NAME)";
				PROVISIONING_PROFILE_SPECIFIER = "";
				SWIFT_VERSION = 5.0;
				TARGETED_DEVICE_FAMILY = "1,2";
			};
			name = Release;
		};
		AE8764CA252E6F2A00EFE031 /* Debug */ = {
			isa = XCBuildConfiguration;
			buildSettings = {
				ALWAYS_EMBED_SWIFT_STANDARD_LIBRARIES = YES;
				BUNDLE_LOADER = "$(TEST_HOST)";
				CODE_SIGN_STYLE = Automatic;
				DEVELOPMENT_TEAM = GY3SL5N58H;
				INFOPLIST_FILE = NationStatesClientTests/Info.plist;
				IPHONEOS_DEPLOYMENT_TARGET = 14.0;
				LD_RUNPATH_SEARCH_PATHS = (
					"$(inherited)",
					"@executable_path/Frameworks",
					"@loader_path/Frameworks",
				);
				PRODUCT_BUNDLE_IDENTIFIER = "bart-kneepkens.NationStatesClientTests";
				PRODUCT_NAME = "$(TARGET_NAME)";
				SWIFT_VERSION = 5.0;
				TARGETED_DEVICE_FAMILY = "1,2";
				TEST_HOST = "$(BUILT_PRODUCTS_DIR)/NationStatesClient.app/NationStatesClient";
			};
			name = Debug;
		};
		AE8764CB252E6F2A00EFE031 /* Release */ = {
			isa = XCBuildConfiguration;
			buildSettings = {
				ALWAYS_EMBED_SWIFT_STANDARD_LIBRARIES = YES;
				BUNDLE_LOADER = "$(TEST_HOST)";
				CODE_SIGN_STYLE = Automatic;
				DEVELOPMENT_TEAM = GY3SL5N58H;
				INFOPLIST_FILE = NationStatesClientTests/Info.plist;
				IPHONEOS_DEPLOYMENT_TARGET = 14.0;
				LD_RUNPATH_SEARCH_PATHS = (
					"$(inherited)",
					"@executable_path/Frameworks",
					"@loader_path/Frameworks",
				);
				PRODUCT_BUNDLE_IDENTIFIER = "bart-kneepkens.NationStatesClientTests";
				PRODUCT_NAME = "$(TARGET_NAME)";
				SWIFT_VERSION = 5.0;
				TARGETED_DEVICE_FAMILY = "1,2";
				TEST_HOST = "$(BUILT_PRODUCTS_DIR)/NationStatesClient.app/NationStatesClient";
			};
			name = Release;
		};
		AE8764CD252E6F2A00EFE031 /* Debug */ = {
			isa = XCBuildConfiguration;
			buildSettings = {
				ALWAYS_EMBED_SWIFT_STANDARD_LIBRARIES = YES;
				CODE_SIGN_STYLE = Automatic;
				DEVELOPMENT_TEAM = GY3SL5N58H;
				INFOPLIST_FILE = NationStatesClientUITests/Info.plist;
				LD_RUNPATH_SEARCH_PATHS = (
					"$(inherited)",
					"@executable_path/Frameworks",
					"@loader_path/Frameworks",
				);
				PRODUCT_BUNDLE_IDENTIFIER = "bart-kneepkens.NationStatesClientUITests";
				PRODUCT_NAME = "$(TARGET_NAME)";
				SWIFT_VERSION = 5.0;
				TARGETED_DEVICE_FAMILY = "1,2";
				TEST_TARGET_NAME = NationStatesClient;
			};
			name = Debug;
		};
		AE8764CE252E6F2A00EFE031 /* Release */ = {
			isa = XCBuildConfiguration;
			buildSettings = {
				ALWAYS_EMBED_SWIFT_STANDARD_LIBRARIES = YES;
				CODE_SIGN_STYLE = Automatic;
				DEVELOPMENT_TEAM = GY3SL5N58H;
				INFOPLIST_FILE = NationStatesClientUITests/Info.plist;
				LD_RUNPATH_SEARCH_PATHS = (
					"$(inherited)",
					"@executable_path/Frameworks",
					"@loader_path/Frameworks",
				);
				PRODUCT_BUNDLE_IDENTIFIER = "bart-kneepkens.NationStatesClientUITests";
				PRODUCT_NAME = "$(TARGET_NAME)";
				SWIFT_VERSION = 5.0;
				TARGETED_DEVICE_FAMILY = "1,2";
				TEST_TARGET_NAME = NationStatesClient;
			};
			name = Release;
		};
		AED8B675255DF10E008F9769 /* Debug */ = {
			isa = XCBuildConfiguration;
			buildSettings = {
				ASSETCATALOG_COMPILER_GLOBAL_ACCENT_COLOR_NAME = AccentColor;
				ASSETCATALOG_COMPILER_WIDGET_BACKGROUND_COLOR_NAME = WidgetBackground;
				CODE_SIGN_ENTITLEMENTS = IssuesExtension/IssuesExtensionExtension.entitlements;
				CODE_SIGN_IDENTITY = "Apple Development";
				CODE_SIGN_STYLE = Automatic;
				DEVELOPMENT_TEAM = GY3SL5N58H;
				INFOPLIST_FILE = IssuesExtension/Info.plist;
				LD_RUNPATH_SEARCH_PATHS = (
					"$(inherited)",
					"@executable_path/Frameworks",
					"@executable_path/../../Frameworks",
				);
				PRODUCT_BUNDLE_IDENTIFIER = "bart-kneepkens.NationStatesClient.IssuesExtension";
				PRODUCT_NAME = "$(TARGET_NAME)";
				PROVISIONING_PROFILE_SPECIFIER = "";
				SKIP_INSTALL = YES;
				SWIFT_VERSION = 5.0;
				TARGETED_DEVICE_FAMILY = "1,2";
			};
			name = Debug;
		};
		AED8B676255DF10E008F9769 /* Release */ = {
			isa = XCBuildConfiguration;
			buildSettings = {
				ASSETCATALOG_COMPILER_GLOBAL_ACCENT_COLOR_NAME = AccentColor;
				ASSETCATALOG_COMPILER_WIDGET_BACKGROUND_COLOR_NAME = WidgetBackground;
				CODE_SIGN_ENTITLEMENTS = IssuesExtension/IssuesExtensionExtension.entitlements;
				CODE_SIGN_IDENTITY = "Apple Development";
				CODE_SIGN_STYLE = Automatic;
				DEVELOPMENT_TEAM = GY3SL5N58H;
				INFOPLIST_FILE = IssuesExtension/Info.plist;
				LD_RUNPATH_SEARCH_PATHS = (
					"$(inherited)",
					"@executable_path/Frameworks",
					"@executable_path/../../Frameworks",
				);
				PRODUCT_BUNDLE_IDENTIFIER = "bart-kneepkens.NationStatesClient.IssuesExtension";
				PRODUCT_NAME = "$(TARGET_NAME)";
				PROVISIONING_PROFILE_SPECIFIER = "";
				SKIP_INSTALL = YES;
				SWIFT_VERSION = 5.0;
				TARGETED_DEVICE_FAMILY = "1,2";
			};
			name = Release;
		};
/* End XCBuildConfiguration section */

/* Begin XCConfigurationList section */
		AE87649C252E6F2900EFE031 /* Build configuration list for PBXProject "NationStatesClient" */ = {
			isa = XCConfigurationList;
			buildConfigurations = (
				AE8764C4252E6F2A00EFE031 /* Debug */,
				AE8764C5252E6F2A00EFE031 /* Release */,
			);
			defaultConfigurationIsVisible = 0;
			defaultConfigurationName = Release;
		};
		AE8764C6252E6F2A00EFE031 /* Build configuration list for PBXNativeTarget "NationStatesClient" */ = {
			isa = XCConfigurationList;
			buildConfigurations = (
				AE8764C7252E6F2A00EFE031 /* Debug */,
				AE8764C8252E6F2A00EFE031 /* Release */,
			);
			defaultConfigurationIsVisible = 0;
			defaultConfigurationName = Release;
		};
		AE8764C9252E6F2A00EFE031 /* Build configuration list for PBXNativeTarget "NationStatesClientTests" */ = {
			isa = XCConfigurationList;
			buildConfigurations = (
				AE8764CA252E6F2A00EFE031 /* Debug */,
				AE8764CB252E6F2A00EFE031 /* Release */,
			);
			defaultConfigurationIsVisible = 0;
			defaultConfigurationName = Release;
		};
		AE8764CC252E6F2A00EFE031 /* Build configuration list for PBXNativeTarget "NationStatesClientUITests" */ = {
			isa = XCConfigurationList;
			buildConfigurations = (
				AE8764CD252E6F2A00EFE031 /* Debug */,
				AE8764CE252E6F2A00EFE031 /* Release */,
			);
			defaultConfigurationIsVisible = 0;
			defaultConfigurationName = Release;
		};
		AED8B677255DF10E008F9769 /* Build configuration list for PBXNativeTarget "IssuesExtensionExtension" */ = {
			isa = XCConfigurationList;
			buildConfigurations = (
				AED8B675255DF10E008F9769 /* Debug */,
				AED8B676255DF10E008F9769 /* Release */,
			);
			defaultConfigurationIsVisible = 0;
			defaultConfigurationName = Release;
		};
/* End XCConfigurationList section */

/* Begin XCVersionGroup section */
		AE2EDE822558212F00042668 /* CompletedIssuesModel.xcdatamodeld */ = {
			isa = XCVersionGroup;
			children = (
				AE2EDE832558212F00042668 /* CompletedIssuesModel.xcdatamodel */,
			);
			currentVersion = AE2EDE832558212F00042668 /* CompletedIssuesModel.xcdatamodel */;
			path = CompletedIssuesModel.xcdatamodeld;
			sourceTree = "<group>";
			versionGroupType = wrapper.xcdatamodel;
		};
/* End XCVersionGroup section */
	};
	rootObject = AE876499252E6F2900EFE031 /* Project object */;
}
