// !$*UTF8*$!
{
	archiveVersion = 1;
	classes = {
	};
	objectVersion = 50;
	objects = {

/* Begin PBXBuildFile section */
		AE127F9A254F2A96004445E5 /* NationViewModel.swift in Sources */ = {isa = PBXBuildFile; fileRef = AE127F99254F2A96004445E5 /* NationViewModel.swift */; };
		AE15A6C325310372004478C3 /* SecureStorage.swift in Sources */ = {isa = PBXBuildFile; fileRef = AE15A6C225310372004478C3 /* SecureStorage.swift */; };
		AE15A6CB25310387004478C3 /* UserDefaultsStorage.swift in Sources */ = {isa = PBXBuildFile; fileRef = AE15A6CA25310387004478C3 /* UserDefaultsStorage.swift */; };
		AE15A6D925310852004478C3 /* NationStatesAPI.swift in Sources */ = {isa = PBXBuildFile; fileRef = AE15A6D825310852004478C3 /* NationStatesAPI.swift */; };
		AE15A6E725321084004478C3 /* IssuesResponseXMLParser.swift in Sources */ = {isa = PBXBuildFile; fileRef = AE15A6E625321084004478C3 /* IssuesResponseXMLParser.swift */; };
		AE210432254B7CA4005AC68C /* AuthenticationProvider.swift in Sources */ = {isa = PBXBuildFile; fileRef = AE210431254B7CA4005AC68C /* AuthenticationProvider.swift */; };
		AE210437254B7E0B005AC68C /* APIAuthenticationProvider.swift in Sources */ = {isa = PBXBuildFile; fileRef = AE210436254B7E0B005AC68C /* APIAuthenticationProvider.swift */; };
		AE21043C254B8C3C005AC68C /* MockedAuthenticationProvider.swift in Sources */ = {isa = PBXBuildFile; fileRef = AE21043B254B8C3C005AC68C /* MockedAuthenticationProvider.swift */; };
		AE32F9702544D5600037954D /* NationView.swift in Sources */ = {isa = PBXBuildFile; fileRef = AE32F96F2544D5600037954D /* NationView.swift */; };
		AE4BACC12544E6E500B391B4 /* CensusScales.plist in Resources */ = {isa = PBXBuildFile; fileRef = AE4BACC02544E6E500B391B4 /* CensusScales.plist */; };
		AE4BACC72544E97600B391B4 /* CensusScalesLoader.swift in Sources */ = {isa = PBXBuildFile; fileRef = AE4BACC62544E97600B391B4 /* CensusScalesLoader.swift */; };
		AE4BACCF2544E99900B391B4 /* CensusScale.swift in Sources */ = {isa = PBXBuildFile; fileRef = AE4BACCE2544E99900B391B4 /* CensusScale.swift */; };
		AE5BDB9C2548BE0400F3954D /* IssueProvider.swift in Sources */ = {isa = PBXBuildFile; fileRef = AE5BDB9B2548BE0400F3954D /* IssueProvider.swift */; };
		AE5BDBA42548BE3800F3954D /* APIIssueProvider.swift in Sources */ = {isa = PBXBuildFile; fileRef = AE5BDBA32548BE3800F3954D /* APIIssueProvider.swift */; };
		AE616F17254F0D5200C9107C /* ContentViewModel.swift in Sources */ = {isa = PBXBuildFile; fileRef = AE616F16254F0D5200C9107C /* ContentViewModel.swift */; };
		AE6B13C42545C29800606A6A /* AnsweredIssueResult.swift in Sources */ = {isa = PBXBuildFile; fileRef = AE6B13C32545C29800606A6A /* AnsweredIssueResult.swift */; };
		AE6B13CC2545D6AB00606A6A /* AppDelegate.swift in Sources */ = {isa = PBXBuildFile; fileRef = AE6B13CB2545D6AB00606A6A /* AppDelegate.swift */; };
		AE6B13D3254601B600606A6A /* IssuesResponseXMLParserTests.swift in Sources */ = {isa = PBXBuildFile; fileRef = AE6B13D2254601B600606A6A /* IssuesResponseXMLParserTests.swift */; };
		AE8764A5252E6F2900EFE031 /* NationStatesClientApp.swift in Sources */ = {isa = PBXBuildFile; fileRef = AE8764A4252E6F2900EFE031 /* NationStatesClientApp.swift */; };
		AE8764A7252E6F2900EFE031 /* ContentView.swift in Sources */ = {isa = PBXBuildFile; fileRef = AE8764A6252E6F2900EFE031 /* ContentView.swift */; };
		AE8764A9252E6F2A00EFE031 /* Assets.xcassets in Resources */ = {isa = PBXBuildFile; fileRef = AE8764A8252E6F2A00EFE031 /* Assets.xcassets */; };
		AE8764AC252E6F2A00EFE031 /* Preview Assets.xcassets in Resources */ = {isa = PBXBuildFile; fileRef = AE8764AB252E6F2A00EFE031 /* Preview Assets.xcassets */; };
		AE8764B7252E6F2A00EFE031 /* NationStatesClientTests.swift in Sources */ = {isa = PBXBuildFile; fileRef = AE8764B6252E6F2A00EFE031 /* NationStatesClientTests.swift */; };
		AE8764C2252E6F2A00EFE031 /* NationStatesClientUITests.swift in Sources */ = {isa = PBXBuildFile; fileRef = AE8764C1252E6F2A00EFE031 /* NationStatesClientUITests.swift */; };
		AE8764D3252FA4E500EFE031 /* SignInView.swift in Sources */ = {isa = PBXBuildFile; fileRef = AE8764D2252FA4E500EFE031 /* SignInView.swift */; };
		AE8764D8252FA4F100EFE031 /* SignInViewModel.swift in Sources */ = {isa = PBXBuildFile; fileRef = AE8764D7252FA4F100EFE031 /* SignInViewModel.swift */; };
		AE8764DD252FA92300EFE031 /* IssuesView.swift in Sources */ = {isa = PBXBuildFile; fileRef = AE8764DC252FA92300EFE031 /* IssuesView.swift */; };
		AE8764E2252FA92C00EFE031 /* IssuesViewModel.swift in Sources */ = {isa = PBXBuildFile; fileRef = AE8764E1252FA92C00EFE031 /* IssuesViewModel.swift */; };
		AE8764E7252FAA0C00EFE031 /* Issue.swift in Sources */ = {isa = PBXBuildFile; fileRef = AE8764E6252FAA0C00EFE031 /* Issue.swift */; };
		AE8764F0252FADE400EFE031 /* IssueDetailView.swift in Sources */ = {isa = PBXBuildFile; fileRef = AE8764EF252FADE400EFE031 /* IssueDetailView.swift */; };
		AE8764F8252FADEF00EFE031 /* IssueDetailViewModel.swift in Sources */ = {isa = PBXBuildFile; fileRef = AE8764F7252FADEF00EFE031 /* IssueDetailViewModel.swift */; };
		AE8981AA2530FBA000D62766 /* MockedIssueProvider.swift in Sources */ = {isa = PBXBuildFile; fileRef = AE8981A92530FBA000D62766 /* MockedIssueProvider.swift */; };
		AE8981AF2530FD8D00D62766 /* AuthenticationContainer.swift in Sources */ = {isa = PBXBuildFile; fileRef = AE8981AE2530FD8D00D62766 /* AuthenticationContainer.swift */; };
		AE95F1212538E3BC00860D25 /* RemoteImage.swift in Sources */ = {isa = PBXBuildFile; fileRef = AE95F1202538E3BC00860D25 /* RemoteImage.swift */; };
		AE95F129253B18E400860D25 /* IssueDetailOptionsView.swift in Sources */ = {isa = PBXBuildFile; fileRef = AE95F128253B18E400860D25 /* IssueDetailOptionsView.swift */; };
		AEDED2CE253C6372007A376F /* IssueAnsweredView.swift in Sources */ = {isa = PBXBuildFile; fileRef = AEDED2CD253C6372007A376F /* IssueAnsweredView.swift */; };
		AEECD738254F465400D536AF /* Option.swift in Sources */ = {isa = PBXBuildFile; fileRef = AEECD737254F465400D536AF /* Option.swift */; };
		AEFF41CA2532776500206676 /* URLBuilder.swift in Sources */ = {isa = PBXBuildFile; fileRef = AEFF41C92532776500206676 /* URLBuilder.swift */; };
		AEFF41CF2533808F00206676 /* NationStatesXMLParser.swift in Sources */ = {isa = PBXBuildFile; fileRef = AEFF41CE2533808F00206676 /* NationStatesXMLParser.swift */; };
		AEFF41DA2533834300206676 /* AnswerIssueResponseXMLParser.swift in Sources */ = {isa = PBXBuildFile; fileRef = AEFF41D92533834300206676 /* AnswerIssueResponseXMLParser.swift */; };
		AEFF41E02533849D00206676 /* AnswerIssueResponseXMLParserTests.swift in Sources */ = {isa = PBXBuildFile; fileRef = AEFF41DF2533849D00206676 /* AnswerIssueResponseXMLParserTests.swift */; };
		AEFF41E82535033600206676 /* PingResponseXMLParser.swift in Sources */ = {isa = PBXBuildFile; fileRef = AEFF41E72535033600206676 /* PingResponseXMLParser.swift */; };
		AEFF41ED253503B600206676 /* PingResponseXMLParserTests.swift in Sources */ = {isa = PBXBuildFile; fileRef = AEFF41EC253503B600206676 /* PingResponseXMLParserTests.swift */; };
		AEFF41FD2536589A00206676 /* URLRequest+Extras.swift in Sources */ = {isa = PBXBuildFile; fileRef = AEFF41FC2536589A00206676 /* URLRequest+Extras.swift */; };
/* End PBXBuildFile section */

/* Begin PBXContainerItemProxy section */
		AE8764B3252E6F2A00EFE031 /* PBXContainerItemProxy */ = {
			isa = PBXContainerItemProxy;
			containerPortal = AE876499252E6F2900EFE031 /* Project object */;
			proxyType = 1;
			remoteGlobalIDString = AE8764A0252E6F2900EFE031;
			remoteInfo = NationStatesClient;
		};
		AE8764BE252E6F2A00EFE031 /* PBXContainerItemProxy */ = {
			isa = PBXContainerItemProxy;
			containerPortal = AE876499252E6F2900EFE031 /* Project object */;
			proxyType = 1;
			remoteGlobalIDString = AE8764A0252E6F2900EFE031;
			remoteInfo = NationStatesClient;
		};
/* End PBXContainerItemProxy section */

/* Begin PBXFileReference section */
		AE127F99254F2A96004445E5 /* NationViewModel.swift */ = {isa = PBXFileReference; lastKnownFileType = sourcecode.swift; path = NationViewModel.swift; sourceTree = "<group>"; };
		AE15A6C225310372004478C3 /* SecureStorage.swift */ = {isa = PBXFileReference; lastKnownFileType = sourcecode.swift; path = SecureStorage.swift; sourceTree = "<group>"; };
		AE15A6CA25310387004478C3 /* UserDefaultsStorage.swift */ = {isa = PBXFileReference; lastKnownFileType = sourcecode.swift; path = UserDefaultsStorage.swift; sourceTree = "<group>"; };
		AE15A6D825310852004478C3 /* NationStatesAPI.swift */ = {isa = PBXFileReference; lastKnownFileType = sourcecode.swift; path = NationStatesAPI.swift; sourceTree = "<group>"; };
		AE15A6E625321084004478C3 /* IssuesResponseXMLParser.swift */ = {isa = PBXFileReference; lastKnownFileType = sourcecode.swift; path = IssuesResponseXMLParser.swift; sourceTree = "<group>"; };
		AE210431254B7CA4005AC68C /* AuthenticationProvider.swift */ = {isa = PBXFileReference; lastKnownFileType = sourcecode.swift; path = AuthenticationProvider.swift; sourceTree = "<group>"; };
		AE210436254B7E0B005AC68C /* APIAuthenticationProvider.swift */ = {isa = PBXFileReference; lastKnownFileType = sourcecode.swift; path = APIAuthenticationProvider.swift; sourceTree = "<group>"; };
		AE21043B254B8C3C005AC68C /* MockedAuthenticationProvider.swift */ = {isa = PBXFileReference; lastKnownFileType = sourcecode.swift; path = MockedAuthenticationProvider.swift; sourceTree = "<group>"; };
		AE32F96F2544D5600037954D /* NationView.swift */ = {isa = PBXFileReference; lastKnownFileType = sourcecode.swift; path = NationView.swift; sourceTree = "<group>"; };
		AE4BACC02544E6E500B391B4 /* CensusScales.plist */ = {isa = PBXFileReference; lastKnownFileType = text.plist.xml; path = CensusScales.plist; sourceTree = "<group>"; };
		AE4BACC62544E97600B391B4 /* CensusScalesLoader.swift */ = {isa = PBXFileReference; lastKnownFileType = sourcecode.swift; path = CensusScalesLoader.swift; sourceTree = "<group>"; };
		AE4BACCE2544E99900B391B4 /* CensusScale.swift */ = {isa = PBXFileReference; lastKnownFileType = sourcecode.swift; path = CensusScale.swift; sourceTree = "<group>"; };
		AE5BDB9B2548BE0400F3954D /* IssueProvider.swift */ = {isa = PBXFileReference; lastKnownFileType = sourcecode.swift; path = IssueProvider.swift; sourceTree = "<group>"; };
		AE5BDBA32548BE3800F3954D /* APIIssueProvider.swift */ = {isa = PBXFileReference; lastKnownFileType = sourcecode.swift; path = APIIssueProvider.swift; sourceTree = "<group>"; };
		AE616F16254F0D5200C9107C /* ContentViewModel.swift */ = {isa = PBXFileReference; lastKnownFileType = sourcecode.swift; path = ContentViewModel.swift; sourceTree = "<group>"; };
		AE6B13C32545C29800606A6A /* AnsweredIssueResult.swift */ = {isa = PBXFileReference; lastKnownFileType = sourcecode.swift; path = AnsweredIssueResult.swift; sourceTree = "<group>"; };
		AE6B13CB2545D6AB00606A6A /* AppDelegate.swift */ = {isa = PBXFileReference; lastKnownFileType = sourcecode.swift; path = AppDelegate.swift; sourceTree = "<group>"; };
		AE6B13D2254601B600606A6A /* IssuesResponseXMLParserTests.swift */ = {isa = PBXFileReference; lastKnownFileType = sourcecode.swift; path = IssuesResponseXMLParserTests.swift; sourceTree = "<group>"; };
		AE8764A1252E6F2900EFE031 /* NationStatesClient.app */ = {isa = PBXFileReference; explicitFileType = wrapper.application; includeInIndex = 0; path = NationStatesClient.app; sourceTree = BUILT_PRODUCTS_DIR; };
		AE8764A4252E6F2900EFE031 /* NationStatesClientApp.swift */ = {isa = PBXFileReference; lastKnownFileType = sourcecode.swift; path = NationStatesClientApp.swift; sourceTree = "<group>"; };
		AE8764A6252E6F2900EFE031 /* ContentView.swift */ = {isa = PBXFileReference; lastKnownFileType = sourcecode.swift; path = ContentView.swift; sourceTree = "<group>"; };
		AE8764A8252E6F2A00EFE031 /* Assets.xcassets */ = {isa = PBXFileReference; lastKnownFileType = folder.assetcatalog; path = Assets.xcassets; sourceTree = "<group>"; };
		AE8764AB252E6F2A00EFE031 /* Preview Assets.xcassets */ = {isa = PBXFileReference; lastKnownFileType = folder.assetcatalog; path = "Preview Assets.xcassets"; sourceTree = "<group>"; };
		AE8764AD252E6F2A00EFE031 /* Info.plist */ = {isa = PBXFileReference; lastKnownFileType = text.plist.xml; path = Info.plist; sourceTree = "<group>"; };
		AE8764B2252E6F2A00EFE031 /* NationStatesClientTests.xctest */ = {isa = PBXFileReference; explicitFileType = wrapper.cfbundle; includeInIndex = 0; path = NationStatesClientTests.xctest; sourceTree = BUILT_PRODUCTS_DIR; };
		AE8764B6252E6F2A00EFE031 /* NationStatesClientTests.swift */ = {isa = PBXFileReference; lastKnownFileType = sourcecode.swift; path = NationStatesClientTests.swift; sourceTree = "<group>"; };
		AE8764B8252E6F2A00EFE031 /* Info.plist */ = {isa = PBXFileReference; lastKnownFileType = text.plist.xml; path = Info.plist; sourceTree = "<group>"; };
		AE8764BD252E6F2A00EFE031 /* NationStatesClientUITests.xctest */ = {isa = PBXFileReference; explicitFileType = wrapper.cfbundle; includeInIndex = 0; path = NationStatesClientUITests.xctest; sourceTree = BUILT_PRODUCTS_DIR; };
		AE8764C1252E6F2A00EFE031 /* NationStatesClientUITests.swift */ = {isa = PBXFileReference; lastKnownFileType = sourcecode.swift; path = NationStatesClientUITests.swift; sourceTree = "<group>"; };
		AE8764C3252E6F2A00EFE031 /* Info.plist */ = {isa = PBXFileReference; lastKnownFileType = text.plist.xml; path = Info.plist; sourceTree = "<group>"; };
		AE8764D2252FA4E500EFE031 /* SignInView.swift */ = {isa = PBXFileReference; lastKnownFileType = sourcecode.swift; path = SignInView.swift; sourceTree = "<group>"; };
		AE8764D7252FA4F100EFE031 /* SignInViewModel.swift */ = {isa = PBXFileReference; lastKnownFileType = sourcecode.swift; path = SignInViewModel.swift; sourceTree = "<group>"; };
		AE8764DC252FA92300EFE031 /* IssuesView.swift */ = {isa = PBXFileReference; lastKnownFileType = sourcecode.swift; path = IssuesView.swift; sourceTree = "<group>"; };
		AE8764E1252FA92C00EFE031 /* IssuesViewModel.swift */ = {isa = PBXFileReference; lastKnownFileType = sourcecode.swift; path = IssuesViewModel.swift; sourceTree = "<group>"; };
		AE8764E6252FAA0C00EFE031 /* Issue.swift */ = {isa = PBXFileReference; lastKnownFileType = sourcecode.swift; path = Issue.swift; sourceTree = "<group>"; };
		AE8764EF252FADE400EFE031 /* IssueDetailView.swift */ = {isa = PBXFileReference; lastKnownFileType = sourcecode.swift; path = IssueDetailView.swift; sourceTree = "<group>"; };
		AE8764F7252FADEF00EFE031 /* IssueDetailViewModel.swift */ = {isa = PBXFileReference; lastKnownFileType = sourcecode.swift; path = IssueDetailViewModel.swift; sourceTree = "<group>"; };
		AE8981A92530FBA000D62766 /* MockedIssueProvider.swift */ = {isa = PBXFileReference; lastKnownFileType = sourcecode.swift; path = MockedIssueProvider.swift; sourceTree = "<group>"; };
		AE8981AE2530FD8D00D62766 /* AuthenticationContainer.swift */ = {isa = PBXFileReference; lastKnownFileType = sourcecode.swift; path = AuthenticationContainer.swift; sourceTree = "<group>"; };
		AE95F1202538E3BC00860D25 /* RemoteImage.swift */ = {isa = PBXFileReference; lastKnownFileType = sourcecode.swift; path = RemoteImage.swift; sourceTree = "<group>"; };
		AE95F128253B18E400860D25 /* IssueDetailOptionsView.swift */ = {isa = PBXFileReference; lastKnownFileType = sourcecode.swift; path = IssueDetailOptionsView.swift; sourceTree = "<group>"; };
		AEDED2CD253C6372007A376F /* IssueAnsweredView.swift */ = {isa = PBXFileReference; lastKnownFileType = sourcecode.swift; path = IssueAnsweredView.swift; sourceTree = "<group>"; };
		AEECD737254F465400D536AF /* Option.swift */ = {isa = PBXFileReference; lastKnownFileType = sourcecode.swift; path = Option.swift; sourceTree = "<group>"; };
		AEFF41C92532776500206676 /* URLBuilder.swift */ = {isa = PBXFileReference; lastKnownFileType = sourcecode.swift; path = URLBuilder.swift; sourceTree = "<group>"; };
		AEFF41CE2533808F00206676 /* NationStatesXMLParser.swift */ = {isa = PBXFileReference; lastKnownFileType = sourcecode.swift; path = NationStatesXMLParser.swift; sourceTree = "<group>"; };
		AEFF41D92533834300206676 /* AnswerIssueResponseXMLParser.swift */ = {isa = PBXFileReference; lastKnownFileType = sourcecode.swift; path = AnswerIssueResponseXMLParser.swift; sourceTree = "<group>"; };
		AEFF41DF2533849D00206676 /* AnswerIssueResponseXMLParserTests.swift */ = {isa = PBXFileReference; lastKnownFileType = sourcecode.swift; path = AnswerIssueResponseXMLParserTests.swift; sourceTree = "<group>"; };
		AEFF41E72535033600206676 /* PingResponseXMLParser.swift */ = {isa = PBXFileReference; lastKnownFileType = sourcecode.swift; path = PingResponseXMLParser.swift; sourceTree = "<group>"; };
		AEFF41EC253503B600206676 /* PingResponseXMLParserTests.swift */ = {isa = PBXFileReference; lastKnownFileType = sourcecode.swift; path = PingResponseXMLParserTests.swift; sourceTree = "<group>"; };
		AEFF41FC2536589A00206676 /* URLRequest+Extras.swift */ = {isa = PBXFileReference; lastKnownFileType = sourcecode.swift; path = "URLRequest+Extras.swift"; sourceTree = "<group>"; };
/* End PBXFileReference section */

/* Begin PBXFrameworksBuildPhase section */
		AE87649E252E6F2900EFE031 /* Frameworks */ = {
			isa = PBXFrameworksBuildPhase;
			buildActionMask = 2147483647;
			files = (
			);
			runOnlyForDeploymentPostprocessing = 0;
		};
		AE8764AF252E6F2A00EFE031 /* Frameworks */ = {
			isa = PBXFrameworksBuildPhase;
			buildActionMask = 2147483647;
			files = (
			);
			runOnlyForDeploymentPostprocessing = 0;
		};
		AE8764BA252E6F2A00EFE031 /* Frameworks */ = {
			isa = PBXFrameworksBuildPhase;
			buildActionMask = 2147483647;
			files = (
			);
			runOnlyForDeploymentPostprocessing = 0;
		};
/* End PBXFrameworksBuildPhase section */

/* Begin PBXGroup section */
		AE15A6CF253107AF004478C3 /* API */ = {
			isa = PBXGroup;
			children = (
				AE8981AE2530FD8D00D62766 /* AuthenticationContainer.swift */,
				AE21042D254A37E3005AC68C /* AuthenticationProvider */,
				AE5BDB9A2548BDEE00F3954D /* IssueProvider */,
				AE6B13D02546013A00606A6A /* Parsers */,
				AE4BACC52544E93B00B391B4 /* CensusScales */,
				AE15A6D825310852004478C3 /* NationStatesAPI.swift */,
				AEFF41C92532776500206676 /* URLBuilder.swift */,
				AEFF41FC2536589A00206676 /* URLRequest+Extras.swift */,
			);
			path = API;
			sourceTree = "<group>";
		};
		AE21042D254A37E3005AC68C /* AuthenticationProvider */ = {
			isa = PBXGroup;
			children = (
				AE210431254B7CA4005AC68C /* AuthenticationProvider.swift */,
				AE210436254B7E0B005AC68C /* APIAuthenticationProvider.swift */,
				AE21043B254B8C3C005AC68C /* MockedAuthenticationProvider.swift */,
			);
			path = AuthenticationProvider;
			sourceTree = "<group>";
		};
		AE32F96E2544D5480037954D /* Nation */ = {
			isa = PBXGroup;
			children = (
				AE32F96F2544D5600037954D /* NationView.swift */,
				AE127F99254F2A96004445E5 /* NationViewModel.swift */,
			);
			path = Nation;
			sourceTree = "<group>";
		};
		AE4BACC52544E93B00B391B4 /* CensusScales */ = {
			isa = PBXGroup;
			children = (
				AE4BACC02544E6E500B391B4 /* CensusScales.plist */,
				AE4BACC62544E97600B391B4 /* CensusScalesLoader.swift */,
				AE4BACCE2544E99900B391B4 /* CensusScale.swift */,
			);
			path = CensusScales;
			sourceTree = "<group>";
		};
		AE5BDB9A2548BDEE00F3954D /* IssueProvider */ = {
			isa = PBXGroup;
			children = (
				AE5BDB9B2548BE0400F3954D /* IssueProvider.swift */,
				AE5BDBA32548BE3800F3954D /* APIIssueProvider.swift */,
				AE8981A92530FBA000D62766 /* MockedIssueProvider.swift */,
			);
			path = IssueProvider;
			sourceTree = "<group>";
		};
		AE6B13D02546013A00606A6A /* Parsers */ = {
			isa = PBXGroup;
			children = (
				AEFF41CE2533808F00206676 /* NationStatesXMLParser.swift */,
				AEFF41D92533834300206676 /* AnswerIssueResponseXMLParser.swift */,
				AEFF41E72535033600206676 /* PingResponseXMLParser.swift */,
				AE15A6E625321084004478C3 /* IssuesResponseXMLParser.swift */,
			);
			path = Parsers;
			sourceTree = "<group>";
		};
		AE6B13D12546014B00606A6A /* Parsers */ = {
			isa = PBXGroup;
			children = (
				AEFF41EC253503B600206676 /* PingResponseXMLParserTests.swift */,
				AEFF41DF2533849D00206676 /* AnswerIssueResponseXMLParserTests.swift */,
				AE6B13D2254601B600606A6A /* IssuesResponseXMLParserTests.swift */,
			);
			path = Parsers;
			sourceTree = "<group>";
		};
		AE876498252E6F2900EFE031 = {
			isa = PBXGroup;
			children = (
				AE8764A3252E6F2900EFE031 /* NationStatesClient */,
				AE8764B5252E6F2A00EFE031 /* NationStatesClientTests */,
				AE8764C0252E6F2A00EFE031 /* NationStatesClientUITests */,
				AE8764A2252E6F2900EFE031 /* Products */,
			);
			sourceTree = "<group>";
		};
		AE8764A2252E6F2900EFE031 /* Products */ = {
			isa = PBXGroup;
			children = (
				AE8764A1252E6F2900EFE031 /* NationStatesClient.app */,
				AE8764B2252E6F2A00EFE031 /* NationStatesClientTests.xctest */,
				AE8764BD252E6F2A00EFE031 /* NationStatesClientUITests.xctest */,
			);
			name = Products;
			sourceTree = "<group>";
		};
		AE8764A3252E6F2900EFE031 /* NationStatesClient */ = {
			isa = PBXGroup;
			children = (
				AEECD736254F45DC00D536AF /* Features */,
				AE15A6CF253107AF004478C3 /* API */,
				AE8981A52530F0ED00D62766 /* Persistence */,
				AE8764ED252FADBC00EFE031 /* Model */,
				AE8764A4252E6F2900EFE031 /* NationStatesClientApp.swift */,
				AE6B13CB2545D6AB00606A6A /* AppDelegate.swift */,
				AE616F16254F0D5200C9107C /* ContentViewModel.swift */,
				AE8764A6252E6F2900EFE031 /* ContentView.swift */,
				AE8764A8252E6F2A00EFE031 /* Assets.xcassets */,
				AE8764AD252E6F2A00EFE031 /* Info.plist */,
				AE8764AA252E6F2A00EFE031 /* Preview Content */,
				AE95F1202538E3BC00860D25 /* RemoteImage.swift */,
			);
			path = NationStatesClient;
			sourceTree = "<group>";
		};
		AE8764AA252E6F2A00EFE031 /* Preview Content */ = {
			isa = PBXGroup;
			children = (
				AE8764AB252E6F2A00EFE031 /* Preview Assets.xcassets */,
			);
			path = "Preview Content";
			sourceTree = "<group>";
		};
		AE8764B5252E6F2A00EFE031 /* NationStatesClientTests */ = {
			isa = PBXGroup;
			children = (
				AEFF41DE2533848900206676 /* API */,
				AE8764B6252E6F2A00EFE031 /* NationStatesClientTests.swift */,
				AE8764B8252E6F2A00EFE031 /* Info.plist */,
			);
			path = NationStatesClientTests;
			sourceTree = "<group>";
		};
		AE8764C0252E6F2A00EFE031 /* NationStatesClientUITests */ = {
			isa = PBXGroup;
			children = (
				AE8764C1252E6F2A00EFE031 /* NationStatesClientUITests.swift */,
				AE8764C3252E6F2A00EFE031 /* Info.plist */,
			);
			path = NationStatesClientUITests;
			sourceTree = "<group>";
		};
		AE8764EB252FAD9200EFE031 /* SignIn */ = {
			isa = PBXGroup;
			children = (
				AE8764D2252FA4E500EFE031 /* SignInView.swift */,
				AE8764D7252FA4F100EFE031 /* SignInViewModel.swift */,
			);
			path = SignIn;
			sourceTree = "<group>";
		};
		AE8764EC252FAD9E00EFE031 /* Issues */ = {
			isa = PBXGroup;
			children = (
				AE8764DC252FA92300EFE031 /* IssuesView.swift */,
				AE8764E1252FA92C00EFE031 /* IssuesViewModel.swift */,
			);
			path = Issues;
			sourceTree = "<group>";
		};
		AE8764ED252FADBC00EFE031 /* Model */ = {
			isa = PBXGroup;
			children = (
				AEECD737254F465400D536AF /* Option.swift */,
				AE8764E6252FAA0C00EFE031 /* Issue.swift */,
				AE6B13C32545C29800606A6A /* AnsweredIssueResult.swift */,
			);
			path = Model;
			sourceTree = "<group>";
		};
		AE8764EE252FADC800EFE031 /* IssueDetail */ = {
			isa = PBXGroup;
			children = (
				AEDED2D2253C63FC007A376F /* IssueAnswered */,
				AE8764EF252FADE400EFE031 /* IssueDetailView.swift */,
				AE8764F7252FADEF00EFE031 /* IssueDetailViewModel.swift */,
				AE95F128253B18E400860D25 /* IssueDetailOptionsView.swift */,
			);
			path = IssueDetail;
			sourceTree = "<group>";
		};
		AE8981A52530F0ED00D62766 /* Persistence */ = {
			isa = PBXGroup;
			children = (
				AE15A6C225310372004478C3 /* SecureStorage.swift */,
				AE15A6CA25310387004478C3 /* UserDefaultsStorage.swift */,
			);
			path = Persistence;
			sourceTree = "<group>";
		};
		AEDED2D2253C63FC007A376F /* IssueAnswered */ = {
			isa = PBXGroup;
			children = (
				AEDED2CD253C6372007A376F /* IssueAnsweredView.swift */,
			);
			path = IssueAnswered;
			sourceTree = "<group>";
		};
		AEECD736254F45DC00D536AF /* Features */ = {
			isa = PBXGroup;
			children = (
				AE8764EC252FAD9E00EFE031 /* Issues */,
				AE8764EB252FAD9200EFE031 /* SignIn */,
				AE8764EE252FADC800EFE031 /* IssueDetail */,
				AE32F96E2544D5480037954D /* Nation */,
			);
			path = Features;
			sourceTree = "<group>";
		};
		AEFF41DE2533848900206676 /* API */ = {
			isa = PBXGroup;
			children = (
				AE6B13D12546014B00606A6A /* Parsers */,
			);
			path = API;
			sourceTree = "<group>";
		};
/* End PBXGroup section */

/* Begin PBXNativeTarget section */
		AE8764A0252E6F2900EFE031 /* NationStatesClient */ = {
			isa = PBXNativeTarget;
			buildConfigurationList = AE8764C6252E6F2A00EFE031 /* Build configuration list for PBXNativeTarget "NationStatesClient" */;
			buildPhases = (
				AE87649D252E6F2900EFE031 /* Sources */,
				AE87649E252E6F2900EFE031 /* Frameworks */,
				AE87649F252E6F2900EFE031 /* Resources */,
			);
			buildRules = (
			);
			dependencies = (
			);
			name = NationStatesClient;
			productName = NationStatesClient;
			productReference = AE8764A1252E6F2900EFE031 /* NationStatesClient.app */;
			productType = "com.apple.product-type.application";
		};
		AE8764B1252E6F2A00EFE031 /* NationStatesClientTests */ = {
			isa = PBXNativeTarget;
			buildConfigurationList = AE8764C9252E6F2A00EFE031 /* Build configuration list for PBXNativeTarget "NationStatesClientTests" */;
			buildPhases = (
				AE8764AE252E6F2A00EFE031 /* Sources */,
				AE8764AF252E6F2A00EFE031 /* Frameworks */,
				AE8764B0252E6F2A00EFE031 /* Resources */,
			);
			buildRules = (
			);
			dependencies = (
				AE8764B4252E6F2A00EFE031 /* PBXTargetDependency */,
			);
			name = NationStatesClientTests;
			productName = NationStatesClientTests;
			productReference = AE8764B2252E6F2A00EFE031 /* NationStatesClientTests.xctest */;
			productType = "com.apple.product-type.bundle.unit-test";
		};
		AE8764BC252E6F2A00EFE031 /* NationStatesClientUITests */ = {
			isa = PBXNativeTarget;
			buildConfigurationList = AE8764CC252E6F2A00EFE031 /* Build configuration list for PBXNativeTarget "NationStatesClientUITests" */;
			buildPhases = (
				AE8764B9252E6F2A00EFE031 /* Sources */,
				AE8764BA252E6F2A00EFE031 /* Frameworks */,
				AE8764BB252E6F2A00EFE031 /* Resources */,
			);
			buildRules = (
			);
			dependencies = (
				AE8764BF252E6F2A00EFE031 /* PBXTargetDependency */,
			);
			name = NationStatesClientUITests;
			productName = NationStatesClientUITests;
			productReference = AE8764BD252E6F2A00EFE031 /* NationStatesClientUITests.xctest */;
			productType = "com.apple.product-type.bundle.ui-testing";
		};
/* End PBXNativeTarget section */

/* Begin PBXProject section */
		AE876499252E6F2900EFE031 /* Project object */ = {
			isa = PBXProject;
			attributes = {
				LastSwiftUpdateCheck = 1200;
				LastUpgradeCheck = 1200;
				TargetAttributes = {
					AE8764A0252E6F2900EFE031 = {
						CreatedOnToolsVersion = 12.0;
					};
					AE8764B1252E6F2A00EFE031 = {
						CreatedOnToolsVersion = 12.0;
						TestTargetID = AE8764A0252E6F2900EFE031;
					};
					AE8764BC252E6F2A00EFE031 = {
						CreatedOnToolsVersion = 12.0;
						TestTargetID = AE8764A0252E6F2900EFE031;
					};
				};
			};
			buildConfigurationList = AE87649C252E6F2900EFE031 /* Build configuration list for PBXProject "NationStatesClient" */;
			compatibilityVersion = "Xcode 9.3";
			developmentRegion = en;
			hasScannedForEncodings = 0;
			knownRegions = (
				en,
				Base,
			);
			mainGroup = AE876498252E6F2900EFE031;
			productRefGroup = AE8764A2252E6F2900EFE031 /* Products */;
			projectDirPath = "";
			projectRoot = "";
			targets = (
				AE8764A0252E6F2900EFE031 /* NationStatesClient */,
				AE8764B1252E6F2A00EFE031 /* NationStatesClientTests */,
				AE8764BC252E6F2A00EFE031 /* NationStatesClientUITests */,
			);
		};
/* End PBXProject section */

/* Begin PBXResourcesBuildPhase section */
		AE87649F252E6F2900EFE031 /* Resources */ = {
			isa = PBXResourcesBuildPhase;
			buildActionMask = 2147483647;
			files = (
				AE4BACC12544E6E500B391B4 /* CensusScales.plist in Resources */,
				AE8764AC252E6F2A00EFE031 /* Preview Assets.xcassets in Resources */,
				AE8764A9252E6F2A00EFE031 /* Assets.xcassets in Resources */,
			);
			runOnlyForDeploymentPostprocessing = 0;
		};
		AE8764B0252E6F2A00EFE031 /* Resources */ = {
			isa = PBXResourcesBuildPhase;
			buildActionMask = 2147483647;
			files = (
			);
			runOnlyForDeploymentPostprocessing = 0;
		};
		AE8764BB252E6F2A00EFE031 /* Resources */ = {
			isa = PBXResourcesBuildPhase;
			buildActionMask = 2147483647;
			files = (
			);
			runOnlyForDeploymentPostprocessing = 0;
		};
/* End PBXResourcesBuildPhase section */

/* Begin PBXSourcesBuildPhase section */
		AE87649D252E6F2900EFE031 /* Sources */ = {
			isa = PBXSourcesBuildPhase;
			buildActionMask = 2147483647;
			files = (
				AE21043C254B8C3C005AC68C /* MockedAuthenticationProvider.swift in Sources */,
				AE15A6E725321084004478C3 /* IssuesResponseXMLParser.swift in Sources */,
				AEFF41DA2533834300206676 /* AnswerIssueResponseXMLParser.swift in Sources */,
				AEFF41CF2533808F00206676 /* NationStatesXMLParser.swift in Sources */,
				AE15A6D925310852004478C3 /* NationStatesAPI.swift in Sources */,
				AE6B13CC2545D6AB00606A6A /* AppDelegate.swift in Sources */,
				AEFF41FD2536589A00206676 /* URLRequest+Extras.swift in Sources */,
				AE127F9A254F2A96004445E5 /* NationViewModel.swift in Sources */,
				AE8764D8252FA4F100EFE031 /* SignInViewModel.swift in Sources */,
				AE8764E7252FAA0C00EFE031 /* Issue.swift in Sources */,
				AE5BDB9C2548BE0400F3954D /* IssueProvider.swift in Sources */,
				AE8764DD252FA92300EFE031 /* IssuesView.swift in Sources */,
				AE32F9702544D5600037954D /* NationView.swift in Sources */,
				AE5BDBA42548BE3800F3954D /* APIIssueProvider.swift in Sources */,
				AE4BACC72544E97600B391B4 /* CensusScalesLoader.swift in Sources */,
				AEFF41CA2532776500206676 /* URLBuilder.swift in Sources */,
				AEECD738254F465400D536AF /* Option.swift in Sources */,
				AE95F129253B18E400860D25 /* IssueDetailOptionsView.swift in Sources */,
				AE8981AA2530FBA000D62766 /* MockedIssueProvider.swift in Sources */,
				AE8764E2252FA92C00EFE031 /* IssuesViewModel.swift in Sources */,
				AE8764D3252FA4E500EFE031 /* SignInView.swift in Sources */,
				AE6B13C42545C29800606A6A /* AnsweredIssueResult.swift in Sources */,
				AE616F17254F0D5200C9107C /* ContentViewModel.swift in Sources */,
				AE15A6C325310372004478C3 /* SecureStorage.swift in Sources */,
				AEDED2CE253C6372007A376F /* IssueAnsweredView.swift in Sources */,
				AE8981AF2530FD8D00D62766 /* AuthenticationContainer.swift in Sources */,
				AE8764F8252FADEF00EFE031 /* IssueDetailViewModel.swift in Sources */,
				AEFF41E82535033600206676 /* PingResponseXMLParser.swift in Sources */,
				AE15A6CB25310387004478C3 /* UserDefaultsStorage.swift in Sources */,
				AE8764A7252E6F2900EFE031 /* ContentView.swift in Sources */,
				AE210432254B7CA4005AC68C /* AuthenticationProvider.swift in Sources */,
				AE95F1212538E3BC00860D25 /* RemoteImage.swift in Sources */,
				AE8764A5252E6F2900EFE031 /* NationStatesClientApp.swift in Sources */,
				AE4BACCF2544E99900B391B4 /* CensusScale.swift in Sources */,
				AE8764F0252FADE400EFE031 /* IssueDetailView.swift in Sources */,
				AE210437254B7E0B005AC68C /* APIAuthenticationProvider.swift in Sources */,
			);
			runOnlyForDeploymentPostprocessing = 0;
		};
		AE8764AE252E6F2A00EFE031 /* Sources */ = {
			isa = PBXSourcesBuildPhase;
			buildActionMask = 2147483647;
			files = (
				AE8764B7252E6F2A00EFE031 /* NationStatesClientTests.swift in Sources */,
				AE6B13D3254601B600606A6A /* IssuesResponseXMLParserTests.swift in Sources */,
				AEFF41ED253503B600206676 /* PingResponseXMLParserTests.swift in Sources */,
				AEFF41E02533849D00206676 /* AnswerIssueResponseXMLParserTests.swift in Sources */,
			);
			runOnlyForDeploymentPostprocessing = 0;
		};
		AE8764B9252E6F2A00EFE031 /* Sources */ = {
			isa = PBXSourcesBuildPhase;
			buildActionMask = 2147483647;
			files = (
				AE8764C2252E6F2A00EFE031 /* NationStatesClientUITests.swift in Sources */,
			);
			runOnlyForDeploymentPostprocessing = 0;
		};
/* End PBXSourcesBuildPhase section */

/* Begin PBXTargetDependency section */
		AE8764B4252E6F2A00EFE031 /* PBXTargetDependency */ = {
			isa = PBXTargetDependency;
			target = AE8764A0252E6F2900EFE031 /* NationStatesClient */;
			targetProxy = AE8764B3252E6F2A00EFE031 /* PBXContainerItemProxy */;
		};
		AE8764BF252E6F2A00EFE031 /* PBXTargetDependency */ = {
			isa = PBXTargetDependency;
			target = AE8764A0252E6F2900EFE031 /* NationStatesClient */;
			targetProxy = AE8764BE252E6F2A00EFE031 /* PBXContainerItemProxy */;
		};
/* End PBXTargetDependency section */

/* Begin XCBuildConfiguration section */
		AE8764C4252E6F2A00EFE031 /* Debug */ = {
			isa = XCBuildConfiguration;
			buildSettings = {
				ALWAYS_SEARCH_USER_PATHS = NO;
				CLANG_ANALYZER_NONNULL = YES;
				CLANG_ANALYZER_NUMBER_OBJECT_CONVERSION = YES_AGGRESSIVE;
				CLANG_CXX_LANGUAGE_STANDARD = "gnu++14";
				CLANG_CXX_LIBRARY = "libc++";
				CLANG_ENABLE_MODULES = YES;
				CLANG_ENABLE_OBJC_ARC = YES;
				CLANG_ENABLE_OBJC_WEAK = YES;
				CLANG_WARN_BLOCK_CAPTURE_AUTORELEASING = YES;
				CLANG_WARN_BOOL_CONVERSION = YES;
				CLANG_WARN_COMMA = YES;
				CLANG_WARN_CONSTANT_CONVERSION = YES;
				CLANG_WARN_DEPRECATED_OBJC_IMPLEMENTATIONS = YES;
				CLANG_WARN_DIRECT_OBJC_ISA_USAGE = YES_ERROR;
				CLANG_WARN_DOCUMENTATION_COMMENTS = YES;
				CLANG_WARN_EMPTY_BODY = YES;
				CLANG_WARN_ENUM_CONVERSION = YES;
				CLANG_WARN_INFINITE_RECURSION = YES;
				CLANG_WARN_INT_CONVERSION = YES;
				CLANG_WARN_NON_LITERAL_NULL_CONVERSION = YES;
				CLANG_WARN_OBJC_IMPLICIT_RETAIN_SELF = YES;
				CLANG_WARN_OBJC_LITERAL_CONVERSION = YES;
				CLANG_WARN_OBJC_ROOT_CLASS = YES_ERROR;
				CLANG_WARN_QUOTED_INCLUDE_IN_FRAMEWORK_HEADER = YES;
				CLANG_WARN_RANGE_LOOP_ANALYSIS = YES;
				CLANG_WARN_STRICT_PROTOTYPES = YES;
				CLANG_WARN_SUSPICIOUS_MOVE = YES;
				CLANG_WARN_UNGUARDED_AVAILABILITY = YES_AGGRESSIVE;
				CLANG_WARN_UNREACHABLE_CODE = YES;
				CLANG_WARN__DUPLICATE_METHOD_MATCH = YES;
				COPY_PHASE_STRIP = NO;
				DEBUG_INFORMATION_FORMAT = dwarf;
				ENABLE_STRICT_OBJC_MSGSEND = YES;
				ENABLE_TESTABILITY = YES;
				GCC_C_LANGUAGE_STANDARD = gnu11;
				GCC_DYNAMIC_NO_PIC = NO;
				GCC_NO_COMMON_BLOCKS = YES;
				GCC_OPTIMIZATION_LEVEL = 0;
				GCC_PREPROCESSOR_DEFINITIONS = (
					"DEBUG=1",
					"$(inherited)",
				);
				GCC_WARN_64_TO_32_BIT_CONVERSION = YES;
				GCC_WARN_ABOUT_RETURN_TYPE = YES_ERROR;
				GCC_WARN_UNDECLARED_SELECTOR = YES;
				GCC_WARN_UNINITIALIZED_AUTOS = YES_AGGRESSIVE;
				GCC_WARN_UNUSED_FUNCTION = YES;
				GCC_WARN_UNUSED_VARIABLE = YES;
				IPHONEOS_DEPLOYMENT_TARGET = 14.0;
				MTL_ENABLE_DEBUG_INFO = INCLUDE_SOURCE;
				MTL_FAST_MATH = YES;
				ONLY_ACTIVE_ARCH = YES;
				SDKROOT = iphoneos;
				SWIFT_ACTIVE_COMPILATION_CONDITIONS = DEBUG;
				SWIFT_OPTIMIZATION_LEVEL = "-Onone";
			};
			name = Debug;
		};
		AE8764C5252E6F2A00EFE031 /* Release */ = {
			isa = XCBuildConfiguration;
			buildSettings = {
				ALWAYS_SEARCH_USER_PATHS = NO;
				CLANG_ANALYZER_NONNULL = YES;
				CLANG_ANALYZER_NUMBER_OBJECT_CONVERSION = YES_AGGRESSIVE;
				CLANG_CXX_LANGUAGE_STANDARD = "gnu++14";
				CLANG_CXX_LIBRARY = "libc++";
				CLANG_ENABLE_MODULES = YES;
				CLANG_ENABLE_OBJC_ARC = YES;
				CLANG_ENABLE_OBJC_WEAK = YES;
				CLANG_WARN_BLOCK_CAPTURE_AUTORELEASING = YES;
				CLANG_WARN_BOOL_CONVERSION = YES;
				CLANG_WARN_COMMA = YES;
				CLANG_WARN_CONSTANT_CONVERSION = YES;
				CLANG_WARN_DEPRECATED_OBJC_IMPLEMENTATIONS = YES;
				CLANG_WARN_DIRECT_OBJC_ISA_USAGE = YES_ERROR;
				CLANG_WARN_DOCUMENTATION_COMMENTS = YES;
				CLANG_WARN_EMPTY_BODY = YES;
				CLANG_WARN_ENUM_CONVERSION = YES;
				CLANG_WARN_INFINITE_RECURSION = YES;
				CLANG_WARN_INT_CONVERSION = YES;
				CLANG_WARN_NON_LITERAL_NULL_CONVERSION = YES;
				CLANG_WARN_OBJC_IMPLICIT_RETAIN_SELF = YES;
				CLANG_WARN_OBJC_LITERAL_CONVERSION = YES;
				CLANG_WARN_OBJC_ROOT_CLASS = YES_ERROR;
				CLANG_WARN_QUOTED_INCLUDE_IN_FRAMEWORK_HEADER = YES;
				CLANG_WARN_RANGE_LOOP_ANALYSIS = YES;
				CLANG_WARN_STRICT_PROTOTYPES = YES;
				CLANG_WARN_SUSPICIOUS_MOVE = YES;
				CLANG_WARN_UNGUARDED_AVAILABILITY = YES_AGGRESSIVE;
				CLANG_WARN_UNREACHABLE_CODE = YES;
				CLANG_WARN__DUPLICATE_METHOD_MATCH = YES;
				COPY_PHASE_STRIP = NO;
				DEBUG_INFORMATION_FORMAT = "dwarf-with-dsym";
				ENABLE_NS_ASSERTIONS = NO;
				ENABLE_STRICT_OBJC_MSGSEND = YES;
				GCC_C_LANGUAGE_STANDARD = gnu11;
				GCC_NO_COMMON_BLOCKS = YES;
				GCC_WARN_64_TO_32_BIT_CONVERSION = YES;
				GCC_WARN_ABOUT_RETURN_TYPE = YES_ERROR;
				GCC_WARN_UNDECLARED_SELECTOR = YES;
				GCC_WARN_UNINITIALIZED_AUTOS = YES_AGGRESSIVE;
				GCC_WARN_UNUSED_FUNCTION = YES;
				GCC_WARN_UNUSED_VARIABLE = YES;
				IPHONEOS_DEPLOYMENT_TARGET = 14.0;
				MTL_ENABLE_DEBUG_INFO = NO;
				MTL_FAST_MATH = YES;
				SDKROOT = iphoneos;
				SWIFT_COMPILATION_MODE = wholemodule;
				SWIFT_OPTIMIZATION_LEVEL = "-O";
				VALIDATE_PRODUCT = YES;
			};
			name = Release;
		};
		AE8764C7252E6F2A00EFE031 /* Debug */ = {
			isa = XCBuildConfiguration;
			buildSettings = {
				ASSETCATALOG_COMPILER_APPICON_NAME = AppIcon;
				ASSETCATALOG_COMPILER_GLOBAL_ACCENT_COLOR_NAME = AccentColor;
				CODE_SIGN_STYLE = Automatic;
				DEVELOPMENT_ASSET_PATHS = "\"NationStatesClient/Preview Content\"";
				DEVELOPMENT_TEAM = GY3SL5N58H;
				ENABLE_PREVIEWS = YES;
				INFOPLIST_FILE = NationStatesClient/Info.plist;
				IPHONEOS_DEPLOYMENT_TARGET = 14.0;
				LD_RUNPATH_SEARCH_PATHS = (
					"$(inherited)",
					"@executable_path/Frameworks",
				);
				PRODUCT_BUNDLE_IDENTIFIER = "bart-kneepkens.NationStatesClient";
				PRODUCT_NAME = "$(TARGET_NAME)";
				SWIFT_VERSION = 5.0;
				TARGETED_DEVICE_FAMILY = "1,2";
			};
			name = Debug;
		};
		AE8764C8252E6F2A00EFE031 /* Release */ = {
			isa = XCBuildConfiguration;
			buildSettings = {
				ASSETCATALOG_COMPILER_APPICON_NAME = AppIcon;
				ASSETCATALOG_COMPILER_GLOBAL_ACCENT_COLOR_NAME = AccentColor;
				CODE_SIGN_STYLE = Automatic;
				DEVELOPMENT_ASSET_PATHS = "\"NationStatesClient/Preview Content\"";
				DEVELOPMENT_TEAM = GY3SL5N58H;
				ENABLE_PREVIEWS = YES;
				INFOPLIST_FILE = NationStatesClient/Info.plist;
				IPHONEOS_DEPLOYMENT_TARGET = 14.0;
				LD_RUNPATH_SEARCH_PATHS = (
					"$(inherited)",
					"@executable_path/Frameworks",
				);
				PRODUCT_BUNDLE_IDENTIFIER = "bart-kneepkens.NationStatesClient";
				PRODUCT_NAME = "$(TARGET_NAME)";
				SWIFT_VERSION = 5.0;
				TARGETED_DEVICE_FAMILY = "1,2";
			};
			name = Release;
		};
		AE8764CA252E6F2A00EFE031 /* Debug */ = {
			isa = XCBuildConfiguration;
			buildSettings = {
				ALWAYS_EMBED_SWIFT_STANDARD_LIBRARIES = YES;
				BUNDLE_LOADER = "$(TEST_HOST)";
				CODE_SIGN_STYLE = Automatic;
				DEVELOPMENT_TEAM = GY3SL5N58H;
				INFOPLIST_FILE = NationStatesClientTests/Info.plist;
				IPHONEOS_DEPLOYMENT_TARGET = 14.0;
				LD_RUNPATH_SEARCH_PATHS = (
					"$(inherited)",
					"@executable_path/Frameworks",
					"@loader_path/Frameworks",
				);
				PRODUCT_BUNDLE_IDENTIFIER = "bart-kneepkens.NationStatesClientTests";
				PRODUCT_NAME = "$(TARGET_NAME)";
				SWIFT_VERSION = 5.0;
				TARGETED_DEVICE_FAMILY = "1,2";
				TEST_HOST = "$(BUILT_PRODUCTS_DIR)/NationStatesClient.app/NationStatesClient";
			};
			name = Debug;
		};
		AE8764CB252E6F2A00EFE031 /* Release */ = {
			isa = XCBuildConfiguration;
			buildSettings = {
				ALWAYS_EMBED_SWIFT_STANDARD_LIBRARIES = YES;
				BUNDLE_LOADER = "$(TEST_HOST)";
				CODE_SIGN_STYLE = Automatic;
				DEVELOPMENT_TEAM = GY3SL5N58H;
				INFOPLIST_FILE = NationStatesClientTests/Info.plist;
				IPHONEOS_DEPLOYMENT_TARGET = 14.0;
				LD_RUNPATH_SEARCH_PATHS = (
					"$(inherited)",
					"@executable_path/Frameworks",
					"@loader_path/Frameworks",
				);
				PRODUCT_BUNDLE_IDENTIFIER = "bart-kneepkens.NationStatesClientTests";
				PRODUCT_NAME = "$(TARGET_NAME)";
				SWIFT_VERSION = 5.0;
				TARGETED_DEVICE_FAMILY = "1,2";
				TEST_HOST = "$(BUILT_PRODUCTS_DIR)/NationStatesClient.app/NationStatesClient";
			};
			name = Release;
		};
		AE8764CD252E6F2A00EFE031 /* Debug */ = {
			isa = XCBuildConfiguration;
			buildSettings = {
				ALWAYS_EMBED_SWIFT_STANDARD_LIBRARIES = YES;
				CODE_SIGN_STYLE = Automatic;
				DEVELOPMENT_TEAM = GY3SL5N58H;
				INFOPLIST_FILE = NationStatesClientUITests/Info.plist;
				LD_RUNPATH_SEARCH_PATHS = (
					"$(inherited)",
					"@executable_path/Frameworks",
					"@loader_path/Frameworks",
				);
				PRODUCT_BUNDLE_IDENTIFIER = "bart-kneepkens.NationStatesClientUITests";
				PRODUCT_NAME = "$(TARGET_NAME)";
				SWIFT_VERSION = 5.0;
				TARGETED_DEVICE_FAMILY = "1,2";
				TEST_TARGET_NAME = NationStatesClient;
			};
			name = Debug;
		};
		AE8764CE252E6F2A00EFE031 /* Release */ = {
			isa = XCBuildConfiguration;
			buildSettings = {
				ALWAYS_EMBED_SWIFT_STANDARD_LIBRARIES = YES;
				CODE_SIGN_STYLE = Automatic;
				DEVELOPMENT_TEAM = GY3SL5N58H;
				INFOPLIST_FILE = NationStatesClientUITests/Info.plist;
				LD_RUNPATH_SEARCH_PATHS = (
					"$(inherited)",
					"@executable_path/Frameworks",
					"@loader_path/Frameworks",
				);
				PRODUCT_BUNDLE_IDENTIFIER = "bart-kneepkens.NationStatesClientUITests";
				PRODUCT_NAME = "$(TARGET_NAME)";
				SWIFT_VERSION = 5.0;
				TARGETED_DEVICE_FAMILY = "1,2";
				TEST_TARGET_NAME = NationStatesClient;
			};
			name = Release;
		};
/* End XCBuildConfiguration section */

/* Begin XCConfigurationList section */
		AE87649C252E6F2900EFE031 /* Build configuration list for PBXProject "NationStatesClient" */ = {
			isa = XCConfigurationList;
			buildConfigurations = (
				AE8764C4252E6F2A00EFE031 /* Debug */,
				AE8764C5252E6F2A00EFE031 /* Release */,
			);
			defaultConfigurationIsVisible = 0;
			defaultConfigurationName = Release;
		};
		AE8764C6252E6F2A00EFE031 /* Build configuration list for PBXNativeTarget "NationStatesClient" */ = {
			isa = XCConfigurationList;
			buildConfigurations = (
				AE8764C7252E6F2A00EFE031 /* Debug */,
				AE8764C8252E6F2A00EFE031 /* Release */,
			);
			defaultConfigurationIsVisible = 0;
			defaultConfigurationName = Release;
		};
		AE8764C9252E6F2A00EFE031 /* Build configuration list for PBXNativeTarget "NationStatesClientTests" */ = {
			isa = XCConfigurationList;
			buildConfigurations = (
				AE8764CA252E6F2A00EFE031 /* Debug */,
				AE8764CB252E6F2A00EFE031 /* Release */,
			);
			defaultConfigurationIsVisible = 0;
			defaultConfigurationName = Release;
		};
		AE8764CC252E6F2A00EFE031 /* Build configuration list for PBXNativeTarget "NationStatesClientUITests" */ = {
			isa = XCConfigurationList;
			buildConfigurations = (
				AE8764CD252E6F2A00EFE031 /* Debug */,
				AE8764CE252E6F2A00EFE031 /* Release */,
			);
			defaultConfigurationIsVisible = 0;
			defaultConfigurationName = Release;
		};
/* End XCConfigurationList section */
	};
	rootObject = AE876499252E6F2900EFE031 /* Project object */;
}
